// !$*UTF8*$!
{
	archiveVersion = 1;
	classes = {
	};
	objectVersion = 46;
	objects = {

/* Begin PBXBuildFile section */
		061C2E1EE620F59EA660CA7A /* libPods.a in Frameworks */ = {isa = PBXBuildFile; fileRef = 990000186EABDE1398D8D368 /* libPods.a */; };
		BE910A581A30E4C900CBCC7B /* CircleTransitionAnimator.swift in Sources */ = {isa = PBXBuildFile; fileRef = BE910A561A30E4C900CBCC7B /* CircleTransitionAnimator.swift */; };
		BE910A5D1A30F5B300CBCC7B /* SearchViewController.m in Sources */ = {isa = PBXBuildFile; fileRef = BE910A5C1A30F5B300CBCC7B /* SearchViewController.m */; };
		BE910A601A30F5BE00CBCC7B /* SettingsViewController.m in Sources */ = {isa = PBXBuildFile; fileRef = BE910A5F1A30F5BE00CBCC7B /* SettingsViewController.m */; };
		BE910A631A31058800CBCC7B /* CheckupsViewController.m in Sources */ = {isa = PBXBuildFile; fileRef = BE910A621A31058800CBCC7B /* CheckupsViewController.m */; };
		BE910A651A31093500CBCC7B /* ProximaNova-Reg.otf in Resources */ = {isa = PBXBuildFile; fileRef = BE910A641A31093500CBCC7B /* ProximaNova-Reg.otf */; };
		BE910A681A32293600CBCC7B /* LoginViewModel.m in Sources */ = {isa = PBXBuildFile; fileRef = BE910A671A32293600CBCC7B /* LoginViewModel.m */; };
		BE910A6D1A322E2100CBCC7B /* User.m in Sources */ = {isa = PBXBuildFile; fileRef = BE910A6C1A322E2100CBCC7B /* User.m */; };
		BE910A701A3232DA00CBCC7B /* OrcaObjectRequestOperation.m in Sources */ = {isa = PBXBuildFile; fileRef = BE910A6F1A3232DA00CBCC7B /* OrcaObjectRequestOperation.m */; };
		BE910A731A3240B600CBCC7B /* OrcaObjectManager.m in Sources */ = {isa = PBXBuildFile; fileRef = BE910A721A3240B600CBCC7B /* OrcaObjectManager.m */; };
		BE9C48331A2293DC00B2B3E6 /* DiagnosisViewController.m in Sources */ = {isa = PBXBuildFile; fileRef = BE9C48321A2293DC00B2B3E6 /* DiagnosisViewController.m */; };
		BE9C48361A2293E900B2B3E6 /* TreatmentViewController.m in Sources */ = {isa = PBXBuildFile; fileRef = BE9C48351A2293E900B2B3E6 /* TreatmentViewController.m */; };
		BE9C48391A2293F400B2B3E6 /* RecoveryViewController.m in Sources */ = {isa = PBXBuildFile; fileRef = BE9C48381A2293F400B2B3E6 /* RecoveryViewController.m */; };
		BE9C483C1A22940A00B2B3E6 /* MyContentViewController.m in Sources */ = {isa = PBXBuildFile; fileRef = BE9C483B1A22940A00B2B3E6 /* MyContentViewController.m */; };
		BE9C483F1A2295EB00B2B3E6 /* DiagnosisDetailsViewController.m in Sources */ = {isa = PBXBuildFile; fileRef = BE9C483E1A2295EB00B2B3E6 /* DiagnosisDetailsViewController.m */; };
		BE9C48411A239C5500B2B3E6 /* Proxima Nova Light.ttf in Resources */ = {isa = PBXBuildFile; fileRef = BE9C48401A239C5500B2B3E6 /* Proxima Nova Light.ttf */; };
		BE9C48431A239CDE00B2B3E6 /* TableHeader.xib in Resources */ = {isa = PBXBuildFile; fileRef = BE9C48421A239CDE00B2B3E6 /* TableHeader.xib */; };
		BE9C48461A23A03600B2B3E6 /* TableHeaderView.m in Sources */ = {isa = PBXBuildFile; fileRef = BE9C48451A23A03600B2B3E6 /* TableHeaderView.m */; };
		BE9C48491A23D97000B2B3E6 /* ShellViewController.m in Sources */ = {isa = PBXBuildFile; fileRef = BE9C48481A23D97000B2B3E6 /* ShellViewController.m */; };
		BE9C484B1A23DF4200B2B3E6 /* rotatorCuffTear.mp4 in Resources */ = {isa = PBXBuildFile; fileRef = BE9C484A1A23DF4200B2B3E6 /* rotatorCuffTear.mp4 */; };
		BE9C48501A251F1200B2B3E6 /* PlanViewController.m in Sources */ = {isa = PBXBuildFile; fileRef = BE9C484D1A251F1200B2B3E6 /* PlanViewController.m */; };
		BE9C48511A251F1200B2B3E6 /* TransitionAnimator.m in Sources */ = {isa = PBXBuildFile; fileRef = BE9C484F1A251F1200B2B3E6 /* TransitionAnimator.m */; };
		BE9C48541A25509100B2B3E6 /* AMWaveTransition.m in Sources */ = {isa = PBXBuildFile; fileRef = BE9C48531A25509100B2B3E6 /* AMWaveTransition.m */; };
		BE9C48561A26593300B2B3E6 /* View.xib in Resources */ = {isa = PBXBuildFile; fileRef = BE9C48551A26593300B2B3E6 /* View.xib */; };
		BE9C48591A265C3500B2B3E6 /* EncounterTableViewCell.m in Sources */ = {isa = PBXBuildFile; fileRef = BE9C48581A265C3500B2B3E6 /* EncounterTableViewCell.m */; };
		BE9C485C1A26887600B2B3E6 /* TextViewController.m in Sources */ = {isa = PBXBuildFile; fileRef = BE9C485B1A26887600B2B3E6 /* TextViewController.m */; };
		BE9C485E1A268B6300B2B3E6 /* ConditionText.plist in Resources */ = {isa = PBXBuildFile; fileRef = BE9C485D1A268B6300B2B3E6 /* ConditionText.plist */; };
		BE9C48601A26966800B2B3E6 /* RefreshView.xib in Resources */ = {isa = PBXBuildFile; fileRef = BE9C485F1A26966800B2B3E6 /* RefreshView.xib */; };
		BE9C48631A26988800B2B3E6 /* RefreshView.m in Sources */ = {isa = PBXBuildFile; fileRef = BE9C48621A26988800B2B3E6 /* RefreshView.m */; };
		BEEBE31A1A32644600057AE2 /* EncounterViewModel.m in Sources */ = {isa = PBXBuildFile; fileRef = BEEBE3191A32644600057AE2 /* EncounterViewModel.m */; };
		BEEBE31D1A32653200057AE2 /* Encounter.m in Sources */ = {isa = PBXBuildFile; fileRef = BEEBE31C1A32653200057AE2 /* Encounter.m */; };
		E7067EFF1A36473500094DBE /* CardView.xib in Resources */ = {isa = PBXBuildFile; fileRef = E7067EFE1A36473500094DBE /* CardView.xib */; };
		E7067F021A36477C00094DBE /* CardView.m in Sources */ = {isa = PBXBuildFile; fileRef = E7067F011A36477C00094DBE /* CardView.m */; };
		E73988171A3792E0005DFC87 /* CardShellViewController.m in Sources */ = {isa = PBXBuildFile; fileRef = E73988161A3792E0005DFC87 /* CardShellViewController.m */; };
		E7822D371A3A4CB4001B8F6A /* ContentCollectionViewCell.xib in Resources */ = {isa = PBXBuildFile; fileRef = E7822D361A3A4CB4001B8F6A /* ContentCollectionViewCell.xib */; };
		E7822D3A1A3A4D84001B8F6A /* ContentCollectionViewCell.m in Sources */ = {isa = PBXBuildFile; fileRef = E7822D391A3A4D84001B8F6A /* ContentCollectionViewCell.m */; };
		E798236F1A1D4FE8006002D0 /* main.m in Sources */ = {isa = PBXBuildFile; fileRef = E798236E1A1D4FE8006002D0 /* main.m */; };
		E79823721A1D4FE8006002D0 /* AppDelegate.m in Sources */ = {isa = PBXBuildFile; fileRef = E79823711A1D4FE8006002D0 /* AppDelegate.m */; };
		E79823751A1D4FE8006002D0 /* CardViewController.m in Sources */ = {isa = PBXBuildFile; fileRef = E79823741A1D4FE8006002D0 /* CardViewController.m */; };
		E79823781A1D4FE8006002D0 /* Main.storyboard in Resources */ = {isa = PBXBuildFile; fileRef = E79823761A1D4FE8006002D0 /* Main.storyboard */; };
		E798237A1A1D4FE8006002D0 /* Images.xcassets in Resources */ = {isa = PBXBuildFile; fileRef = E79823791A1D4FE8006002D0 /* Images.xcassets */; };
		E798237D1A1D4FE8006002D0 /* LaunchScreen.xib in Resources */ = {isa = PBXBuildFile; fileRef = E798237B1A1D4FE8006002D0 /* LaunchScreen.xib */; };
		E79823891A1D4FE8006002D0 /* _DTests.m in Sources */ = {isa = PBXBuildFile; fileRef = E79823881A1D4FE8006002D0 /* _DTests.m */; };
		E798239F1A1E6419006002D0 /* ManView.m in Sources */ = {isa = PBXBuildFile; fileRef = E798239E1A1E6419006002D0 /* ManView.m */; };
		E7C6E0C51A265D24000FA032 /* lumbarvideo.mp4 in Resources */ = {isa = PBXBuildFile; fileRef = E7C6E0C41A265D24000FA032 /* lumbarvideo.mp4 */; };
		E7FFFED81A3A1C6A00588D9F /* ContentViewController.m in Sources */ = {isa = PBXBuildFile; fileRef = E7FFFED71A3A1C6A00588D9F /* ContentViewController.m */; };
/* End PBXBuildFile section */

/* Begin PBXContainerItemProxy section */
		E79823831A1D4FE8006002D0 /* PBXContainerItemProxy */ = {
			isa = PBXContainerItemProxy;
			containerPortal = E79823611A1D4FE8006002D0 /* Project object */;
			proxyType = 1;
			remoteGlobalIDString = E79823681A1D4FE8006002D0;
			remoteInfo = 3D;
		};
/* End PBXContainerItemProxy section */

/* Begin PBXFileReference section */
		2BE7AC7607824D0864C90551 /* Pods.release.xcconfig */ = {isa = PBXFileReference; includeInIndex = 1; lastKnownFileType = text.xcconfig; name = Pods.release.xcconfig; path = "Pods/Target Support Files/Pods/Pods.release.xcconfig"; sourceTree = "<group>"; };
		3EA16F092A7657E359D32763 /* Pods.debug.xcconfig */ = {isa = PBXFileReference; includeInIndex = 1; lastKnownFileType = text.xcconfig; name = Pods.debug.xcconfig; path = "Pods/Target Support Files/Pods/Pods.debug.xcconfig"; sourceTree = "<group>"; };
		990000186EABDE1398D8D368 /* libPods.a */ = {isa = PBXFileReference; explicitFileType = archive.ar; includeInIndex = 0; path = libPods.a; sourceTree = BUILT_PRODUCTS_DIR; };
		BE910A561A30E4C900CBCC7B /* CircleTransitionAnimator.swift */ = {isa = PBXFileReference; fileEncoding = 4; lastKnownFileType = sourcecode.swift; path = CircleTransitionAnimator.swift; sourceTree = "<group>"; };
		BE910A5A1A30E55500CBCC7B /* Orca Care-Bridging-Header.h */ = {isa = PBXFileReference; fileEncoding = 4; lastKnownFileType = sourcecode.c.h; path = "Orca Care-Bridging-Header.h"; sourceTree = "<group>"; };
		BE910A5B1A30F5B300CBCC7B /* SearchViewController.h */ = {isa = PBXFileReference; fileEncoding = 4; lastKnownFileType = sourcecode.c.h; path = SearchViewController.h; sourceTree = "<group>"; };
		BE910A5C1A30F5B300CBCC7B /* SearchViewController.m */ = {isa = PBXFileReference; fileEncoding = 4; lastKnownFileType = sourcecode.c.objc; path = SearchViewController.m; sourceTree = "<group>"; };
		BE910A5E1A30F5BE00CBCC7B /* SettingsViewController.h */ = {isa = PBXFileReference; fileEncoding = 4; lastKnownFileType = sourcecode.c.h; path = SettingsViewController.h; sourceTree = "<group>"; };
		BE910A5F1A30F5BE00CBCC7B /* SettingsViewController.m */ = {isa = PBXFileReference; fileEncoding = 4; lastKnownFileType = sourcecode.c.objc; path = SettingsViewController.m; sourceTree = "<group>"; };
		BE910A611A31058800CBCC7B /* CheckupsViewController.h */ = {isa = PBXFileReference; fileEncoding = 4; lastKnownFileType = sourcecode.c.h; path = CheckupsViewController.h; sourceTree = "<group>"; };
		BE910A621A31058800CBCC7B /* CheckupsViewController.m */ = {isa = PBXFileReference; fileEncoding = 4; lastKnownFileType = sourcecode.c.objc; path = CheckupsViewController.m; sourceTree = "<group>"; };
		BE910A641A31093500CBCC7B /* ProximaNova-Reg.otf */ = {isa = PBXFileReference; lastKnownFileType = file; path = "ProximaNova-Reg.otf"; sourceTree = "<group>"; };
		BE910A661A32293600CBCC7B /* LoginViewModel.h */ = {isa = PBXFileReference; fileEncoding = 4; lastKnownFileType = sourcecode.c.h; path = LoginViewModel.h; sourceTree = "<group>"; };
		BE910A671A32293600CBCC7B /* LoginViewModel.m */ = {isa = PBXFileReference; fileEncoding = 4; lastKnownFileType = sourcecode.c.objc; path = LoginViewModel.m; sourceTree = "<group>"; };
		BE910A6B1A322E2100CBCC7B /* User.h */ = {isa = PBXFileReference; fileEncoding = 4; lastKnownFileType = sourcecode.c.h; path = User.h; sourceTree = "<group>"; };
		BE910A6C1A322E2100CBCC7B /* User.m */ = {isa = PBXFileReference; fileEncoding = 4; lastKnownFileType = sourcecode.c.objc; path = User.m; sourceTree = "<group>"; };
		BE910A6E1A3232DA00CBCC7B /* OrcaObjectRequestOperation.h */ = {isa = PBXFileReference; fileEncoding = 4; lastKnownFileType = sourcecode.c.h; path = OrcaObjectRequestOperation.h; sourceTree = "<group>"; };
		BE910A6F1A3232DA00CBCC7B /* OrcaObjectRequestOperation.m */ = {isa = PBXFileReference; fileEncoding = 4; lastKnownFileType = sourcecode.c.objc; path = OrcaObjectRequestOperation.m; sourceTree = "<group>"; };
		BE910A711A3240B600CBCC7B /* OrcaObjectManager.h */ = {isa = PBXFileReference; fileEncoding = 4; lastKnownFileType = sourcecode.c.h; path = OrcaObjectManager.h; sourceTree = "<group>"; };
		BE910A721A3240B600CBCC7B /* OrcaObjectManager.m */ = {isa = PBXFileReference; fileEncoding = 4; lastKnownFileType = sourcecode.c.objc; path = OrcaObjectManager.m; sourceTree = "<group>"; };
		BE9C48311A2293DC00B2B3E6 /* DiagnosisViewController.h */ = {isa = PBXFileReference; fileEncoding = 4; lastKnownFileType = sourcecode.c.h; path = DiagnosisViewController.h; sourceTree = "<group>"; };
		BE9C48321A2293DC00B2B3E6 /* DiagnosisViewController.m */ = {isa = PBXFileReference; fileEncoding = 4; lastKnownFileType = sourcecode.c.objc; path = DiagnosisViewController.m; sourceTree = "<group>"; };
		BE9C48341A2293E900B2B3E6 /* TreatmentViewController.h */ = {isa = PBXFileReference; fileEncoding = 4; lastKnownFileType = sourcecode.c.h; path = TreatmentViewController.h; sourceTree = "<group>"; };
		BE9C48351A2293E900B2B3E6 /* TreatmentViewController.m */ = {isa = PBXFileReference; fileEncoding = 4; lastKnownFileType = sourcecode.c.objc; path = TreatmentViewController.m; sourceTree = "<group>"; };
		BE9C48371A2293F400B2B3E6 /* RecoveryViewController.h */ = {isa = PBXFileReference; fileEncoding = 4; lastKnownFileType = sourcecode.c.h; path = RecoveryViewController.h; sourceTree = "<group>"; };
		BE9C48381A2293F400B2B3E6 /* RecoveryViewController.m */ = {isa = PBXFileReference; fileEncoding = 4; lastKnownFileType = sourcecode.c.objc; path = RecoveryViewController.m; sourceTree = "<group>"; };
		BE9C483A1A22940A00B2B3E6 /* MyContentViewController.h */ = {isa = PBXFileReference; fileEncoding = 4; lastKnownFileType = sourcecode.c.h; path = MyContentViewController.h; sourceTree = "<group>"; };
		BE9C483B1A22940A00B2B3E6 /* MyContentViewController.m */ = {isa = PBXFileReference; fileEncoding = 4; lastKnownFileType = sourcecode.c.objc; path = MyContentViewController.m; sourceTree = "<group>"; };
		BE9C483D1A2295EB00B2B3E6 /* DiagnosisDetailsViewController.h */ = {isa = PBXFileReference; fileEncoding = 4; lastKnownFileType = sourcecode.c.h; path = DiagnosisDetailsViewController.h; sourceTree = "<group>"; };
		BE9C483E1A2295EB00B2B3E6 /* DiagnosisDetailsViewController.m */ = {isa = PBXFileReference; fileEncoding = 4; lastKnownFileType = sourcecode.c.objc; path = DiagnosisDetailsViewController.m; sourceTree = "<group>"; };
		BE9C48401A239C5500B2B3E6 /* Proxima Nova Light.ttf */ = {isa = PBXFileReference; lastKnownFileType = file; path = "Proxima Nova Light.ttf"; sourceTree = "<group>"; };
		BE9C48421A239CDE00B2B3E6 /* TableHeader.xib */ = {isa = PBXFileReference; fileEncoding = 4; lastKnownFileType = file.xib; path = TableHeader.xib; sourceTree = "<group>"; };
		BE9C48441A23A03600B2B3E6 /* TableHeaderView.h */ = {isa = PBXFileReference; fileEncoding = 4; lastKnownFileType = sourcecode.c.h; path = TableHeaderView.h; sourceTree = "<group>"; };
		BE9C48451A23A03600B2B3E6 /* TableHeaderView.m */ = {isa = PBXFileReference; fileEncoding = 4; lastKnownFileType = sourcecode.c.objc; path = TableHeaderView.m; sourceTree = "<group>"; };
		BE9C48471A23D97000B2B3E6 /* ShellViewController.h */ = {isa = PBXFileReference; fileEncoding = 4; lastKnownFileType = sourcecode.c.h; path = ShellViewController.h; sourceTree = "<group>"; };
		BE9C48481A23D97000B2B3E6 /* ShellViewController.m */ = {isa = PBXFileReference; fileEncoding = 4; lastKnownFileType = sourcecode.c.objc; path = ShellViewController.m; sourceTree = "<group>"; };
		BE9C484A1A23DF4200B2B3E6 /* rotatorCuffTear.mp4 */ = {isa = PBXFileReference; lastKnownFileType = file; path = rotatorCuffTear.mp4; sourceTree = "<group>"; };
		BE9C484C1A251F1200B2B3E6 /* PlanViewController.h */ = {isa = PBXFileReference; fileEncoding = 4; lastKnownFileType = sourcecode.c.h; path = PlanViewController.h; sourceTree = "<group>"; };
		BE9C484D1A251F1200B2B3E6 /* PlanViewController.m */ = {isa = PBXFileReference; fileEncoding = 4; lastKnownFileType = sourcecode.c.objc; path = PlanViewController.m; sourceTree = "<group>"; };
		BE9C484E1A251F1200B2B3E6 /* TransitionAnimator.h */ = {isa = PBXFileReference; fileEncoding = 4; lastKnownFileType = sourcecode.c.h; path = TransitionAnimator.h; sourceTree = "<group>"; };
		BE9C484F1A251F1200B2B3E6 /* TransitionAnimator.m */ = {isa = PBXFileReference; fileEncoding = 4; lastKnownFileType = sourcecode.c.objc; path = TransitionAnimator.m; sourceTree = "<group>"; };
		BE9C48521A25509100B2B3E6 /* AMWaveTransition.h */ = {isa = PBXFileReference; fileEncoding = 4; lastKnownFileType = sourcecode.c.h; path = AMWaveTransition.h; sourceTree = "<group>"; };
		BE9C48531A25509100B2B3E6 /* AMWaveTransition.m */ = {isa = PBXFileReference; fileEncoding = 4; lastKnownFileType = sourcecode.c.objc; path = AMWaveTransition.m; sourceTree = "<group>"; };
		BE9C48551A26593300B2B3E6 /* View.xib */ = {isa = PBXFileReference; fileEncoding = 4; lastKnownFileType = file.xib; path = View.xib; sourceTree = "<group>"; };
		BE9C48571A265C3500B2B3E6 /* EncounterTableViewCell.h */ = {isa = PBXFileReference; fileEncoding = 4; lastKnownFileType = sourcecode.c.h; path = EncounterTableViewCell.h; sourceTree = "<group>"; };
		BE9C48581A265C3500B2B3E6 /* EncounterTableViewCell.m */ = {isa = PBXFileReference; fileEncoding = 4; lastKnownFileType = sourcecode.c.objc; path = EncounterTableViewCell.m; sourceTree = "<group>"; };
		BE9C485A1A26887600B2B3E6 /* TextViewController.h */ = {isa = PBXFileReference; fileEncoding = 4; lastKnownFileType = sourcecode.c.h; path = TextViewController.h; sourceTree = "<group>"; };
		BE9C485B1A26887600B2B3E6 /* TextViewController.m */ = {isa = PBXFileReference; fileEncoding = 4; lastKnownFileType = sourcecode.c.objc; path = TextViewController.m; sourceTree = "<group>"; };
		BE9C485D1A268B6300B2B3E6 /* ConditionText.plist */ = {isa = PBXFileReference; fileEncoding = 4; lastKnownFileType = text.plist.xml; path = ConditionText.plist; sourceTree = "<group>"; };
		BE9C485F1A26966800B2B3E6 /* RefreshView.xib */ = {isa = PBXFileReference; fileEncoding = 4; lastKnownFileType = file.xib; path = RefreshView.xib; sourceTree = "<group>"; };
		BE9C48611A26988800B2B3E6 /* RefreshView.h */ = {isa = PBXFileReference; fileEncoding = 4; lastKnownFileType = sourcecode.c.h; path = RefreshView.h; sourceTree = "<group>"; };
		BE9C48621A26988800B2B3E6 /* RefreshView.m */ = {isa = PBXFileReference; fileEncoding = 4; lastKnownFileType = sourcecode.c.objc; path = RefreshView.m; sourceTree = "<group>"; };
		BEEBE3181A32644600057AE2 /* EncounterViewModel.h */ = {isa = PBXFileReference; fileEncoding = 4; lastKnownFileType = sourcecode.c.h; path = EncounterViewModel.h; sourceTree = "<group>"; };
		BEEBE3191A32644600057AE2 /* EncounterViewModel.m */ = {isa = PBXFileReference; fileEncoding = 4; lastKnownFileType = sourcecode.c.objc; path = EncounterViewModel.m; sourceTree = "<group>"; };
		BEEBE31B1A32653200057AE2 /* Encounter.h */ = {isa = PBXFileReference; fileEncoding = 4; lastKnownFileType = sourcecode.c.h; path = Encounter.h; sourceTree = "<group>"; };
		BEEBE31C1A32653200057AE2 /* Encounter.m */ = {isa = PBXFileReference; fileEncoding = 4; lastKnownFileType = sourcecode.c.objc; path = Encounter.m; sourceTree = "<group>"; };
		E7067EFE1A36473500094DBE /* CardView.xib */ = {isa = PBXFileReference; fileEncoding = 4; lastKnownFileType = file.xib; name = CardView.xib; path = ../CardView.xib; sourceTree = "<group>"; };
		E7067F001A36477C00094DBE /* CardView.h */ = {isa = PBXFileReference; fileEncoding = 4; lastKnownFileType = sourcecode.c.h; path = CardView.h; sourceTree = "<group>"; };
		E7067F011A36477C00094DBE /* CardView.m */ = {isa = PBXFileReference; fileEncoding = 4; lastKnownFileType = sourcecode.c.objc; path = CardView.m; sourceTree = "<group>"; };
		E73988151A3792E0005DFC87 /* CardShellViewController.h */ = {isa = PBXFileReference; fileEncoding = 4; lastKnownFileType = sourcecode.c.h; name = CardShellViewController.h; path = ../CardShellViewController.h; sourceTree = "<group>"; };
		E73988161A3792E0005DFC87 /* CardShellViewController.m */ = {isa = PBXFileReference; fileEncoding = 4; lastKnownFileType = sourcecode.c.objc; name = CardShellViewController.m; path = ../CardShellViewController.m; sourceTree = "<group>"; };
		E7822D361A3A4CB4001B8F6A /* ContentCollectionViewCell.xib */ = {isa = PBXFileReference; fileEncoding = 4; lastKnownFileType = file.xib; path = ContentCollectionViewCell.xib; sourceTree = "<group>"; };
		E7822D381A3A4D84001B8F6A /* ContentCollectionViewCell.h */ = {isa = PBXFileReference; fileEncoding = 4; lastKnownFileType = sourcecode.c.h; path = ContentCollectionViewCell.h; sourceTree = "<group>"; };
		E7822D391A3A4D84001B8F6A /* ContentCollectionViewCell.m */ = {isa = PBXFileReference; fileEncoding = 4; lastKnownFileType = sourcecode.c.objc; path = ContentCollectionViewCell.m; sourceTree = "<group>"; };
		E79823691A1D4FE8006002D0 /* Orca Care.app */ = {isa = PBXFileReference; explicitFileType = wrapper.application; includeInIndex = 0; path = "Orca Care.app"; sourceTree = BUILT_PRODUCTS_DIR; };
		E798236D1A1D4FE8006002D0 /* Info.plist */ = {isa = PBXFileReference; lastKnownFileType = text.plist.xml; path = Info.plist; sourceTree = "<group>"; };
		E798236E1A1D4FE8006002D0 /* main.m */ = {isa = PBXFileReference; lastKnownFileType = sourcecode.c.objc; path = main.m; sourceTree = "<group>"; };
		E79823701A1D4FE8006002D0 /* AppDelegate.h */ = {isa = PBXFileReference; lastKnownFileType = sourcecode.c.h; path = AppDelegate.h; sourceTree = "<group>"; };
		E79823711A1D4FE8006002D0 /* AppDelegate.m */ = {isa = PBXFileReference; lastKnownFileType = sourcecode.c.objc; path = AppDelegate.m; sourceTree = "<group>"; };
		E79823731A1D4FE8006002D0 /* CardViewController.h */ = {isa = PBXFileReference; lastKnownFileType = sourcecode.c.h; path = CardViewController.h; sourceTree = "<group>"; };
		E79823741A1D4FE8006002D0 /* CardViewController.m */ = {isa = PBXFileReference; lastKnownFileType = sourcecode.c.objc; path = CardViewController.m; sourceTree = "<group>"; };
		E79823771A1D4FE8006002D0 /* Base */ = {isa = PBXFileReference; lastKnownFileType = file.storyboard; name = Base; path = Base.lproj/Main.storyboard; sourceTree = "<group>"; };
		E79823791A1D4FE8006002D0 /* Images.xcassets */ = {isa = PBXFileReference; lastKnownFileType = folder.assetcatalog; path = Images.xcassets; sourceTree = "<group>"; };
		E798237C1A1D4FE8006002D0 /* Base */ = {isa = PBXFileReference; lastKnownFileType = file.xib; name = Base; path = Base.lproj/LaunchScreen.xib; sourceTree = "<group>"; };
		E79823821A1D4FE8006002D0 /* Orca CareTests.xctest */ = {isa = PBXFileReference; explicitFileType = wrapper.cfbundle; includeInIndex = 0; path = "Orca CareTests.xctest"; sourceTree = BUILT_PRODUCTS_DIR; };
		E79823871A1D4FE8006002D0 /* Info.plist */ = {isa = PBXFileReference; lastKnownFileType = text.plist.xml; path = Info.plist; sourceTree = "<group>"; };
		E79823881A1D4FE8006002D0 /* _DTests.m */ = {isa = PBXFileReference; lastKnownFileType = sourcecode.c.objc; path = _DTests.m; sourceTree = "<group>"; };
		E798239D1A1E6419006002D0 /* ManView.h */ = {isa = PBXFileReference; fileEncoding = 4; lastKnownFileType = sourcecode.c.h; path = ManView.h; sourceTree = "<group>"; };
		E798239E1A1E6419006002D0 /* ManView.m */ = {isa = PBXFileReference; fileEncoding = 4; lastKnownFileType = sourcecode.c.objc; path = ManView.m; sourceTree = "<group>"; };
		E7C6E0C41A265D24000FA032 /* lumbarvideo.mp4 */ = {isa = PBXFileReference; lastKnownFileType = file; path = lumbarvideo.mp4; sourceTree = "<group>"; };
		E7FFFED61A3A1C6A00588D9F /* ContentViewController.h */ = {isa = PBXFileReference; fileEncoding = 4; lastKnownFileType = sourcecode.c.h; path = ContentViewController.h; sourceTree = "<group>"; };
		E7FFFED71A3A1C6A00588D9F /* ContentViewController.m */ = {isa = PBXFileReference; fileEncoding = 4; lastKnownFileType = sourcecode.c.objc; path = ContentViewController.m; sourceTree = "<group>"; };
/* End PBXFileReference section */

/* Begin PBXFrameworksBuildPhase section */
		E79823661A1D4FE8006002D0 /* Frameworks */ = {
			isa = PBXFrameworksBuildPhase;
			buildActionMask = 2147483647;
			files = (
				061C2E1EE620F59EA660CA7A /* libPods.a in Frameworks */,
			);
			runOnlyForDeploymentPostprocessing = 0;
		};
		E798237F1A1D4FE8006002D0 /* Frameworks */ = {
			isa = PBXFrameworksBuildPhase;
			buildActionMask = 2147483647;
			files = (
			);
			runOnlyForDeploymentPostprocessing = 0;
		};
/* End PBXFrameworksBuildPhase section */

/* Begin PBXGroup section */
		BE910A691A322DB000CBCC7B /* Models */ = {
			isa = PBXGroup;
			children = (
				BE910A6B1A322E2100CBCC7B /* User.h */,
				BE910A6C1A322E2100CBCC7B /* User.m */,
				BEEBE31B1A32653200057AE2 /* Encounter.h */,
				BEEBE31C1A32653200057AE2 /* Encounter.m */,
			);
			name = Models;
			sourceTree = "<group>";
		};
		BE910A6A1A322DBD00CBCC7B /* ViewModels */ = {
			isa = PBXGroup;
			children = (
				BE910A661A32293600CBCC7B /* LoginViewModel.h */,
				BE910A671A32293600CBCC7B /* LoginViewModel.m */,
				BEEBE3181A32644600057AE2 /* EncounterViewModel.h */,
				BEEBE3191A32644600057AE2 /* EncounterViewModel.m */,
			);
			name = ViewModels;
			sourceTree = "<group>";
		};
		E28BCC86B186B625432930F2 /* Pods */ = {
			isa = PBXGroup;
			children = (
				3EA16F092A7657E359D32763 /* Pods.debug.xcconfig */,
				2BE7AC7607824D0864C90551 /* Pods.release.xcconfig */,
			);
			name = Pods;
			sourceTree = "<group>";
		};
		E79823601A1D4FE8006002D0 = {
			isa = PBXGroup;
			children = (
				E798236B1A1D4FE8006002D0 /* 3D */,
				E79823851A1D4FE8006002D0 /* 3DTests */,
				E798236A1A1D4FE8006002D0 /* Products */,
				E28BCC86B186B625432930F2 /* Pods */,
				EC0497A764FBEC5463A1A5BC /* Frameworks */,
			);
			sourceTree = "<group>";
		};
		E798236A1A1D4FE8006002D0 /* Products */ = {
			isa = PBXGroup;
			children = (
				E79823691A1D4FE8006002D0 /* Orca Care.app */,
				E79823821A1D4FE8006002D0 /* Orca CareTests.xctest */,
			);
			name = Products;
			sourceTree = "<group>";
		};
		E798236B1A1D4FE8006002D0 /* 3D */ = {
			isa = PBXGroup;
			children = (
				E73988151A3792E0005DFC87 /* CardShellViewController.h */,
				E73988161A3792E0005DFC87 /* CardShellViewController.m */,
				E79823701A1D4FE8006002D0 /* AppDelegate.h */,
				E79823711A1D4FE8006002D0 /* AppDelegate.m */,
				E79823731A1D4FE8006002D0 /* CardViewController.h */,
				E79823741A1D4FE8006002D0 /* CardViewController.m */,
				BE910A5B1A30F5B300CBCC7B /* SearchViewController.h */,
				BE910A5C1A30F5B300CBCC7B /* SearchViewController.m */,
				BE910A5E1A30F5BE00CBCC7B /* SettingsViewController.h */,
				BE910A5F1A30F5BE00CBCC7B /* SettingsViewController.m */,
				BE910A611A31058800CBCC7B /* CheckupsViewController.h */,
				BE910A621A31058800CBCC7B /* CheckupsViewController.m */,
				BE9C48471A23D97000B2B3E6 /* ShellViewController.h */,
				BE9C48481A23D97000B2B3E6 /* ShellViewController.m */,
				BE9C48311A2293DC00B2B3E6 /* DiagnosisViewController.h */,
				BE9C48321A2293DC00B2B3E6 /* DiagnosisViewController.m */,
				BE9C48341A2293E900B2B3E6 /* TreatmentViewController.h */,
				BE9C48351A2293E900B2B3E6 /* TreatmentViewController.m */,
				BE9C48371A2293F400B2B3E6 /* RecoveryViewController.h */,
				BE9C48381A2293F400B2B3E6 /* RecoveryViewController.m */,
				BE9C483A1A22940A00B2B3E6 /* MyContentViewController.h */,
				BE9C48521A25509100B2B3E6 /* AMWaveTransition.h */,
				BE9C48531A25509100B2B3E6 /* AMWaveTransition.m */,
				BE9C483B1A22940A00B2B3E6 /* MyContentViewController.m */,
				BE9C483D1A2295EB00B2B3E6 /* DiagnosisDetailsViewController.h */,
				BE9C483E1A2295EB00B2B3E6 /* DiagnosisDetailsViewController.m */,
				BE9C485A1A26887600B2B3E6 /* TextViewController.h */,
				BE9C485B1A26887600B2B3E6 /* TextViewController.m */,
				BE9C48441A23A03600B2B3E6 /* TableHeaderView.h */,
				BE9C48451A23A03600B2B3E6 /* TableHeaderView.m */,
				BE9C484C1A251F1200B2B3E6 /* PlanViewController.h */,
				BE9C484D1A251F1200B2B3E6 /* PlanViewController.m */,
				BE9C484E1A251F1200B2B3E6 /* TransitionAnimator.h */,
				BE9C484F1A251F1200B2B3E6 /* TransitionAnimator.m */,
				E79823761A1D4FE8006002D0 /* Main.storyboard */,
				BE910A561A30E4C900CBCC7B /* CircleTransitionAnimator.swift */,
				BE910A5A1A30E55500CBCC7B /* Orca Care-Bridging-Header.h */,
				BE9C48571A265C3500B2B3E6 /* EncounterTableViewCell.h */,
				BE9C48581A265C3500B2B3E6 /* EncounterTableViewCell.m */,
				BE9C485D1A268B6300B2B3E6 /* ConditionText.plist */,
				BE910A6E1A3232DA00CBCC7B /* OrcaObjectRequestOperation.h */,
				BE910A6F1A3232DA00CBCC7B /* OrcaObjectRequestOperation.m */,
				BE910A711A3240B600CBCC7B /* OrcaObjectManager.h */,
				BE910A721A3240B600CBCC7B /* OrcaObjectManager.m */,
				BE910A6A1A322DBD00CBCC7B /* ViewModels */,
				BE910A691A322DB000CBCC7B /* Models */,
				BE9C48611A26988800B2B3E6 /* RefreshView.h */,
				BE9C48621A26988800B2B3E6 /* RefreshView.m */,
				BE9C485F1A26966800B2B3E6 /* RefreshView.xib */,
				BE9C48421A239CDE00B2B3E6 /* TableHeader.xib */,
				BE9C48551A26593300B2B3E6 /* View.xib */,
				E79823791A1D4FE8006002D0 /* Images.xcassets */,
				E7C6E0C41A265D24000FA032 /* lumbarvideo.mp4 */,
				BE9C484A1A23DF4200B2B3E6 /* rotatorCuffTear.mp4 */,
				E798237B1A1D4FE8006002D0 /* LaunchScreen.xib */,
				E798236C1A1D4FE8006002D0 /* Supporting Files */,
				E798239D1A1E6419006002D0 /* ManView.h */,
				E798239E1A1E6419006002D0 /* ManView.m */,
				E7067EFE1A36473500094DBE /* CardView.xib */,
				E7067F001A36477C00094DBE /* CardView.h */,
				E7067F011A36477C00094DBE /* CardView.m */,
				E7FFFED61A3A1C6A00588D9F /* ContentViewController.h */,
				E7FFFED71A3A1C6A00588D9F /* ContentViewController.m */,
				E7822D361A3A4CB4001B8F6A /* ContentCollectionViewCell.xib */,
				E7822D381A3A4D84001B8F6A /* ContentCollectionViewCell.h */,
				E7822D391A3A4D84001B8F6A /* ContentCollectionViewCell.m */,
			);
			path = 3D;
			sourceTree = "<group>";
		};
		E798236C1A1D4FE8006002D0 /* Supporting Files */ = {
			isa = PBXGroup;
			children = (
				BE910A641A31093500CBCC7B /* ProximaNova-Reg.otf */,
				BE9C48401A239C5500B2B3E6 /* Proxima Nova Light.ttf */,
				E798236D1A1D4FE8006002D0 /* Info.plist */,
				E798236E1A1D4FE8006002D0 /* main.m */,
			);
			name = "Supporting Files";
			sourceTree = "<group>";
		};
		E79823851A1D4FE8006002D0 /* 3DTests */ = {
			isa = PBXGroup;
			children = (
				E79823881A1D4FE8006002D0 /* _DTests.m */,
				E79823861A1D4FE8006002D0 /* Supporting Files */,
			);
			path = 3DTests;
			sourceTree = "<group>";
		};
		E79823861A1D4FE8006002D0 /* Supporting Files */ = {
			isa = PBXGroup;
			children = (
				E79823871A1D4FE8006002D0 /* Info.plist */,
			);
			name = "Supporting Files";
			sourceTree = "<group>";
		};
		EC0497A764FBEC5463A1A5BC /* Frameworks */ = {
			isa = PBXGroup;
			children = (
				990000186EABDE1398D8D368 /* libPods.a */,
			);
			name = Frameworks;
			sourceTree = "<group>";
		};
/* End PBXGroup section */

/* Begin PBXNativeTarget section */
		E79823681A1D4FE8006002D0 /* Orca Care */ = {
			isa = PBXNativeTarget;
			buildConfigurationList = E798238C1A1D4FE8006002D0 /* Build configuration list for PBXNativeTarget "Orca Care" */;
			buildPhases = (
				91EA28D34FABB2421CB5A82D /* Check Pods Manifest.lock */,
				E79823651A1D4FE8006002D0 /* Sources */,
				E79823661A1D4FE8006002D0 /* Frameworks */,
				E79823671A1D4FE8006002D0 /* Resources */,
				EFD1C00EC75E501C91EAB58F /* Copy Pods Resources */,
			);
			buildRules = (
			);
			dependencies = (
			);
			name = "Orca Care";
			productName = 3D;
			productReference = E79823691A1D4FE8006002D0 /* Orca Care.app */;
			productType = "com.apple.product-type.application";
		};
		E79823811A1D4FE8006002D0 /* Orca CareTests */ = {
			isa = PBXNativeTarget;
			buildConfigurationList = E798238F1A1D4FE8006002D0 /* Build configuration list for PBXNativeTarget "Orca CareTests" */;
			buildPhases = (
				E798237E1A1D4FE8006002D0 /* Sources */,
				E798237F1A1D4FE8006002D0 /* Frameworks */,
				E79823801A1D4FE8006002D0 /* Resources */,
			);
			buildRules = (
			);
			dependencies = (
				E79823841A1D4FE8006002D0 /* PBXTargetDependency */,
			);
			name = "Orca CareTests";
			productName = 3DTests;
			productReference = E79823821A1D4FE8006002D0 /* Orca CareTests.xctest */;
			productType = "com.apple.product-type.bundle.unit-test";
		};
/* End PBXNativeTarget section */

/* Begin PBXProject section */
		E79823611A1D4FE8006002D0 /* Project object */ = {
			isa = PBXProject;
			attributes = {
				LastUpgradeCheck = 0610;
				ORGANIZATIONNAME = "Cole Herrmann";
				TargetAttributes = {
					E79823681A1D4FE8006002D0 = {
						CreatedOnToolsVersion = 6.1;
					};
					E79823811A1D4FE8006002D0 = {
						CreatedOnToolsVersion = 6.1;
						TestTargetID = E79823681A1D4FE8006002D0;
					};
				};
			};
			buildConfigurationList = E79823641A1D4FE8006002D0 /* Build configuration list for PBXProject "Orca Care" */;
			compatibilityVersion = "Xcode 3.2";
			developmentRegion = English;
			hasScannedForEncodings = 0;
			knownRegions = (
				en,
				Base,
			);
			mainGroup = E79823601A1D4FE8006002D0;
			productRefGroup = E798236A1A1D4FE8006002D0 /* Products */;
			projectDirPath = "";
			projectRoot = "";
			targets = (
				E79823681A1D4FE8006002D0 /* Orca Care */,
				E79823811A1D4FE8006002D0 /* Orca CareTests */,
			);
		};
/* End PBXProject section */

/* Begin PBXResourcesBuildPhase section */
		E79823671A1D4FE8006002D0 /* Resources */ = {
			isa = PBXResourcesBuildPhase;
			buildActionMask = 2147483647;
			files = (
				E7C6E0C51A265D24000FA032 /* lumbarvideo.mp4 in Resources */,
				BE910A651A31093500CBCC7B /* ProximaNova-Reg.otf in Resources */,
				E7067EFF1A36473500094DBE /* CardView.xib in Resources */,
				E79823781A1D4FE8006002D0 /* Main.storyboard in Resources */,
				E7822D371A3A4CB4001B8F6A /* ContentCollectionViewCell.xib in Resources */,
				BE9C485E1A268B6300B2B3E6 /* ConditionText.plist in Resources */,
				E798237D1A1D4FE8006002D0 /* LaunchScreen.xib in Resources */,
				BE9C484B1A23DF4200B2B3E6 /* rotatorCuffTear.mp4 in Resources */,
				BE9C48561A26593300B2B3E6 /* View.xib in Resources */,
				BE9C48411A239C5500B2B3E6 /* Proxima Nova Light.ttf in Resources */,
				BE9C48601A26966800B2B3E6 /* RefreshView.xib in Resources */,
				E798237A1A1D4FE8006002D0 /* Images.xcassets in Resources */,
				BE9C48431A239CDE00B2B3E6 /* TableHeader.xib in Resources */,
			);
			runOnlyForDeploymentPostprocessing = 0;
		};
		E79823801A1D4FE8006002D0 /* Resources */ = {
			isa = PBXResourcesBuildPhase;
			buildActionMask = 2147483647;
			files = (
			);
			runOnlyForDeploymentPostprocessing = 0;
		};
/* End PBXResourcesBuildPhase section */

/* Begin PBXShellScriptBuildPhase section */
		91EA28D34FABB2421CB5A82D /* Check Pods Manifest.lock */ = {
			isa = PBXShellScriptBuildPhase;
			buildActionMask = 2147483647;
			files = (
			);
			inputPaths = (
			);
			name = "Check Pods Manifest.lock";
			outputPaths = (
			);
			runOnlyForDeploymentPostprocessing = 0;
			shellPath = /bin/sh;
			shellScript = "diff \"${PODS_ROOT}/../Podfile.lock\" \"${PODS_ROOT}/Manifest.lock\" > /dev/null\nif [[ $? != 0 ]] ; then\n    cat << EOM\nerror: The sandbox is not in sync with the Podfile.lock. Run 'pod install' or update your CocoaPods installation.\nEOM\n    exit 1\nfi\n";
			showEnvVarsInLog = 0;
		};
		EFD1C00EC75E501C91EAB58F /* Copy Pods Resources */ = {
			isa = PBXShellScriptBuildPhase;
			buildActionMask = 2147483647;
			files = (
			);
			inputPaths = (
			);
			name = "Copy Pods Resources";
			outputPaths = (
			);
			runOnlyForDeploymentPostprocessing = 0;
			shellPath = /bin/sh;
			shellScript = "\"${SRCROOT}/Pods/Target Support Files/Pods/Pods-resources.sh\"\n";
			showEnvVarsInLog = 0;
		};
/* End PBXShellScriptBuildPhase section */

/* Begin PBXSourcesBuildPhase section */
		E79823651A1D4FE8006002D0 /* Sources */ = {
			isa = PBXSourcesBuildPhase;
			buildActionMask = 2147483647;
			files = (
				BE9C48331A2293DC00B2B3E6 /* DiagnosisViewController.m in Sources */,
				BEEBE31D1A32653200057AE2 /* Encounter.m in Sources */,
				BE9C48591A265C3500B2B3E6 /* EncounterTableViewCell.m in Sources */,
				BE910A681A32293600CBCC7B /* LoginViewModel.m in Sources */,
				BE9C48501A251F1200B2B3E6 /* PlanViewController.m in Sources */,
				BE9C485C1A26887600B2B3E6 /* TextViewController.m in Sources */,
				E7067F021A36477C00094DBE /* CardView.m in Sources */,
				BE9C48631A26988800B2B3E6 /* RefreshView.m in Sources */,
				BE910A581A30E4C900CBCC7B /* CircleTransitionAnimator.swift in Sources */,
				BE910A5D1A30F5B300CBCC7B /* SearchViewController.m in Sources */,
				BE910A631A31058800CBCC7B /* CheckupsViewController.m in Sources */,
				E73988171A3792E0005DFC87 /* CardShellViewController.m in Sources */,
				BE910A601A30F5BE00CBCC7B /* SettingsViewController.m in Sources */,
				BE9C48391A2293F400B2B3E6 /* RecoveryViewController.m in Sources */,
				E7822D3A1A3A4D84001B8F6A /* ContentCollectionViewCell.m in Sources */,
				BE9C48511A251F1200B2B3E6 /* TransitionAnimator.m in Sources */,
				BE910A731A3240B600CBCC7B /* OrcaObjectManager.m in Sources */,
				BE910A6D1A322E2100CBCC7B /* User.m in Sources */,
				BE9C483F1A2295EB00B2B3E6 /* DiagnosisDetailsViewController.m in Sources */,
				BE9C48361A2293E900B2B3E6 /* TreatmentViewController.m in Sources */,
				BEEBE31A1A32644600057AE2 /* EncounterViewModel.m in Sources */,
				E79823751A1D4FE8006002D0 /* CardViewController.m in Sources */,
				BE9C48541A25509100B2B3E6 /* AMWaveTransition.m in Sources */,
				BE9C483C1A22940A00B2B3E6 /* MyContentViewController.m in Sources */,
				BE9C48461A23A03600B2B3E6 /* TableHeaderView.m in Sources */,
				E79823721A1D4FE8006002D0 /* AppDelegate.m in Sources */,
				E798236F1A1D4FE8006002D0 /* main.m in Sources */,
				E7FFFED81A3A1C6A00588D9F /* ContentViewController.m in Sources */,
				BE910A701A3232DA00CBCC7B /* OrcaObjectRequestOperation.m in Sources */,
				E798239F1A1E6419006002D0 /* ManView.m in Sources */,
				BE9C48491A23D97000B2B3E6 /* ShellViewController.m in Sources */,
			);
			runOnlyForDeploymentPostprocessing = 0;
		};
		E798237E1A1D4FE8006002D0 /* Sources */ = {
			isa = PBXSourcesBuildPhase;
			buildActionMask = 2147483647;
			files = (
				E79823891A1D4FE8006002D0 /* _DTests.m in Sources */,
			);
			runOnlyForDeploymentPostprocessing = 0;
		};
/* End PBXSourcesBuildPhase section */

/* Begin PBXTargetDependency section */
		E79823841A1D4FE8006002D0 /* PBXTargetDependency */ = {
			isa = PBXTargetDependency;
			target = E79823681A1D4FE8006002D0 /* Orca Care */;
			targetProxy = E79823831A1D4FE8006002D0 /* PBXContainerItemProxy */;
		};
/* End PBXTargetDependency section */

/* Begin PBXVariantGroup section */
		E79823761A1D4FE8006002D0 /* Main.storyboard */ = {
			isa = PBXVariantGroup;
			children = (
				E79823771A1D4FE8006002D0 /* Base */,
			);
			name = Main.storyboard;
			sourceTree = "<group>";
		};
		E798237B1A1D4FE8006002D0 /* LaunchScreen.xib */ = {
			isa = PBXVariantGroup;
			children = (
				E798237C1A1D4FE8006002D0 /* Base */,
			);
			name = LaunchScreen.xib;
			sourceTree = "<group>";
		};
/* End PBXVariantGroup section */

/* Begin XCBuildConfiguration section */
		E798238A1A1D4FE8006002D0 /* Debug */ = {
			isa = XCBuildConfiguration;
			buildSettings = {
				ALWAYS_SEARCH_USER_PATHS = NO;
				CLANG_CXX_LANGUAGE_STANDARD = "gnu++0x";
				CLANG_CXX_LIBRARY = "libc++";
				CLANG_ENABLE_MODULES = YES;
				CLANG_ENABLE_OBJC_ARC = YES;
				CLANG_WARN_BOOL_CONVERSION = YES;
				CLANG_WARN_CONSTANT_CONVERSION = YES;
				CLANG_WARN_DIRECT_OBJC_ISA_USAGE = YES_ERROR;
				CLANG_WARN_EMPTY_BODY = YES;
				CLANG_WARN_ENUM_CONVERSION = YES;
				CLANG_WARN_INT_CONVERSION = YES;
				CLANG_WARN_OBJC_ROOT_CLASS = YES_ERROR;
				CLANG_WARN_UNREACHABLE_CODE = YES;
				CLANG_WARN__DUPLICATE_METHOD_MATCH = YES;
				"CODE_SIGN_IDENTITY[sdk=iphoneos*]" = "iPhone Developer";
				COPY_PHASE_STRIP = NO;
				ENABLE_STRICT_OBJC_MSGSEND = YES;
				GCC_C_LANGUAGE_STANDARD = gnu99;
				GCC_DYNAMIC_NO_PIC = NO;
				GCC_OPTIMIZATION_LEVEL = 0;
				GCC_PREPROCESSOR_DEFINITIONS = (
					"DEBUG=1",
					"$(inherited)",
				);
				GCC_SYMBOLS_PRIVATE_EXTERN = NO;
				GCC_WARN_64_TO_32_BIT_CONVERSION = YES;
				GCC_WARN_ABOUT_RETURN_TYPE = YES_ERROR;
				GCC_WARN_UNDECLARED_SELECTOR = YES;
				GCC_WARN_UNINITIALIZED_AUTOS = YES_AGGRESSIVE;
				GCC_WARN_UNUSED_FUNCTION = YES;
				GCC_WARN_UNUSED_VARIABLE = YES;
				IPHONEOS_DEPLOYMENT_TARGET = 8.1;
				MTL_ENABLE_DEBUG_INFO = YES;
				ONLY_ACTIVE_ARCH = YES;
				SDKROOT = iphoneos;
			};
			name = Debug;
		};
		E798238B1A1D4FE8006002D0 /* Release */ = {
			isa = XCBuildConfiguration;
			buildSettings = {
				ALWAYS_SEARCH_USER_PATHS = NO;
				CLANG_CXX_LANGUAGE_STANDARD = "gnu++0x";
				CLANG_CXX_LIBRARY = "libc++";
				CLANG_ENABLE_MODULES = YES;
				CLANG_ENABLE_OBJC_ARC = YES;
				CLANG_WARN_BOOL_CONVERSION = YES;
				CLANG_WARN_CONSTANT_CONVERSION = YES;
				CLANG_WARN_DIRECT_OBJC_ISA_USAGE = YES_ERROR;
				CLANG_WARN_EMPTY_BODY = YES;
				CLANG_WARN_ENUM_CONVERSION = YES;
				CLANG_WARN_INT_CONVERSION = YES;
				CLANG_WARN_OBJC_ROOT_CLASS = YES_ERROR;
				CLANG_WARN_UNREACHABLE_CODE = YES;
				CLANG_WARN__DUPLICATE_METHOD_MATCH = YES;
				"CODE_SIGN_IDENTITY[sdk=iphoneos*]" = "iPhone Developer";
				COPY_PHASE_STRIP = YES;
				ENABLE_NS_ASSERTIONS = NO;
				ENABLE_STRICT_OBJC_MSGSEND = YES;
				GCC_C_LANGUAGE_STANDARD = gnu99;
				GCC_WARN_64_TO_32_BIT_CONVERSION = YES;
				GCC_WARN_ABOUT_RETURN_TYPE = YES_ERROR;
				GCC_WARN_UNDECLARED_SELECTOR = YES;
				GCC_WARN_UNINITIALIZED_AUTOS = YES_AGGRESSIVE;
				GCC_WARN_UNUSED_FUNCTION = YES;
				GCC_WARN_UNUSED_VARIABLE = YES;
				IPHONEOS_DEPLOYMENT_TARGET = 8.1;
				MTL_ENABLE_DEBUG_INFO = NO;
				SDKROOT = iphoneos;
				VALIDATE_PRODUCT = YES;
			};
			name = Release;
		};
		E798238D1A1D4FE8006002D0 /* Debug */ = {
			isa = XCBuildConfiguration;
			baseConfigurationReference = 3EA16F092A7657E359D32763 /* Pods.debug.xcconfig */;
			buildSettings = {
				ASSETCATALOG_COMPILER_APPICON_NAME = AppIcon;
				CLANG_ENABLE_MODULES = YES;
				DEFINES_MODULE = YES;
				INFOPLIST_FILE = 3D/Info.plist;
				LD_RUNPATH_SEARCH_PATHS = "$(inherited) @executable_path/Frameworks";
				PRODUCT_NAME = "Orca Care";
				SWIFT_OBJC_BRIDGING_HEADER = "3D/Orca Care-Bridging-Header.h";
				SWIFT_OPTIMIZATION_LEVEL = "-Onone";
			};
			name = Debug;
		};
		E798238E1A1D4FE8006002D0 /* Release */ = {
			isa = XCBuildConfiguration;
			baseConfigurationReference = 2BE7AC7607824D0864C90551 /* Pods.release.xcconfig */;
			buildSettings = {
				ASSETCATALOG_COMPILER_APPICON_NAME = AppIcon;
				CLANG_ENABLE_MODULES = YES;
				"CODE_SIGN_IDENTITY[sdk=iphoneos*]" = "iPhone Distribution";
				DEFINES_MODULE = YES;
				INFOPLIST_FILE = 3D/Info.plist;
				LD_RUNPATH_SEARCH_PATHS = "$(inherited) @executable_path/Frameworks";
				PRODUCT_NAME = "Orca Care";
				SWIFT_OBJC_BRIDGING_HEADER = "3D/Orca Care-Bridging-Header.h";
			};
			name = Release;
		};
		E79823901A1D4FE8006002D0 /* Debug */ = {
			isa = XCBuildConfiguration;
			buildSettings = {
				BUNDLE_LOADER = "$(TEST_HOST)";
				FRAMEWORK_SEARCH_PATHS = (
					"$(SDKROOT)/Developer/Library/Frameworks",
					"$(inherited)",
				);
				GCC_PREPROCESSOR_DEFINITIONS = (
					"DEBUG=1",
					"$(inherited)",
				);
				INFOPLIST_FILE = 3DTests/Info.plist;
				LD_RUNPATH_SEARCH_PATHS = "$(inherited) @executable_path/Frameworks @loader_path/Frameworks";
				PRODUCT_NAME = "Orca CareTests";
				TEST_HOST = "$(BUILT_PRODUCTS_DIR)/3D.app/3D";
			};
			name = Debug;
		};
		E79823911A1D4FE8006002D0 /* Release */ = {
			isa = XCBuildConfiguration;
			buildSettings = {
				BUNDLE_LOADER = "$(TEST_HOST)";
				FRAMEWORK_SEARCH_PATHS = (
					"$(SDKROOT)/Developer/Library/Frameworks",
					"$(inherited)",
				);
				INFOPLIST_FILE = 3DTests/Info.plist;
				LD_RUNPATH_SEARCH_PATHS = "$(inherited) @executable_path/Frameworks @loader_path/Frameworks";
				PRODUCT_NAME = "Orca CareTests";
				TEST_HOST = "$(BUILT_PRODUCTS_DIR)/3D.app/3D";
			};
			name = Release;
		};
/* End XCBuildConfiguration section */

/* Begin XCConfigurationList section */
		E79823641A1D4FE8006002D0 /* Build configuration list for PBXProject "Orca Care" */ = {
			isa = XCConfigurationList;
			buildConfigurations = (
				E798238A1A1D4FE8006002D0 /* Debug */,
				E798238B1A1D4FE8006002D0 /* Release */,
			);
			defaultConfigurationIsVisible = 0;
			defaultConfigurationName = Release;
		};
		E798238C1A1D4FE8006002D0 /* Build configuration list for PBXNativeTarget "Orca Care" */ = {
			isa = XCConfigurationList;
			buildConfigurations = (
				E798238D1A1D4FE8006002D0 /* Debug */,
				E798238E1A1D4FE8006002D0 /* Release */,
			);
			defaultConfigurationIsVisible = 0;
			defaultConfigurationName = Release;
		};
		E798238F1A1D4FE8006002D0 /* Build configuration list for PBXNativeTarget "Orca CareTests" */ = {
			isa = XCConfigurationList;
			buildConfigurations = (
				E79823901A1D4FE8006002D0 /* Debug */,
				E79823911A1D4FE8006002D0 /* Release */,
			);
			defaultConfigurationIsVisible = 0;
			defaultConfigurationName = Release;
		};
/* End XCConfigurationList section */
	};
	rootObject = E79823611A1D4FE8006002D0 /* Project object */;
}
