// !$*UTF8*$!
{
	archiveVersion = 1;
	classes = {
	};
	objectVersion = 46;
	objects = {

/* Begin PBXBuildFile section */
		061C2E1EE620F59EA660CA7A /* libPods.a in Frameworks */ = {isa = PBXBuildFile; fileRef = 990000186EABDE1398D8D368 /* libPods.a */; };
		BE331FB81A51F2DC00610721 /* CardView.xib in Resources */ = {isa = PBXBuildFile; fileRef = BE331FB71A51F2DC00610721 /* CardView.xib */; };
		BE331FBD1A51F2FA00610721 /* LaunchScreen.xib in Resources */ = {isa = PBXBuildFile; fileRef = BE331FB91A51F2FA00610721 /* LaunchScreen.xib */; };
		BE331FBE1A51F2FA00610721 /* Main.storyboard in Resources */ = {isa = PBXBuildFile; fileRef = BE331FBB1A51F2FA00610721 /* Main.storyboard */; };
		E7C3ADEB1A51EB6C008136AD /* AMWaveTransition.m in Sources */ = {isa = PBXBuildFile; fileRef = E7C3AD651A51EB6B008136AD /* AMWaveTransition.m */; };
		E7C3ADEC1A51EB6C008136AD /* AppDelegate.m in Sources */ = {isa = PBXBuildFile; fileRef = E7C3AD671A51EB6B008136AD /* AppDelegate.m */; };
		E7C3ADEF1A51EB6C008136AD /* BubbleTransition.m in Sources */ = {isa = PBXBuildFile; fileRef = E7C3AD6E1A51EB6B008136AD /* BubbleTransition.m */; };
		E7C3ADF01A51EB6C008136AD /* CardShellViewController.m in Sources */ = {isa = PBXBuildFile; fileRef = E7C3AD701A51EB6B008136AD /* CardShellViewController.m */; };
		E7C3ADF11A51EB6C008136AD /* CardView.m in Sources */ = {isa = PBXBuildFile; fileRef = E7C3AD721A51EB6B008136AD /* CardView.m */; };
		E7C3ADF21A51EB6C008136AD /* CardViewController.m in Sources */ = {isa = PBXBuildFile; fileRef = E7C3AD741A51EB6B008136AD /* CardViewController.m */; };
		E7C3ADF31A51EB6C008136AD /* CheckupsViewController.m in Sources */ = {isa = PBXBuildFile; fileRef = E7C3AD761A51EB6B008136AD /* CheckupsViewController.m */; };
		E7C3ADF41A51EB6C008136AD /* CircleTransitionAnimator.swift in Sources */ = {isa = PBXBuildFile; fileRef = E7C3AD771A51EB6B008136AD /* CircleTransitionAnimator.swift */; };
		E7C3ADF51A51EB6C008136AD /* ConditionText.plist in Resources */ = {isa = PBXBuildFile; fileRef = E7C3AD781A51EB6B008136AD /* ConditionText.plist */; };
		E7C3ADF61A51EB6C008136AD /* ContentCollectionViewCell.m in Sources */ = {isa = PBXBuildFile; fileRef = E7C3AD7A1A51EB6B008136AD /* ContentCollectionViewCell.m */; };
		E7C3ADF71A51EB6C008136AD /* ContentCollectionViewCell.xib in Resources */ = {isa = PBXBuildFile; fileRef = E7C3AD7B1A51EB6B008136AD /* ContentCollectionViewCell.xib */; };
		E7C3ADF81A51EB6C008136AD /* ContentCollectionViewCellNew.m in Sources */ = {isa = PBXBuildFile; fileRef = E7C3AD7D1A51EB6B008136AD /* ContentCollectionViewCellNew.m */; };
		E7C3ADF91A51EB6C008136AD /* ContentCollectionViewCellNew.xib in Resources */ = {isa = PBXBuildFile; fileRef = E7C3AD7E1A51EB6B008136AD /* ContentCollectionViewCellNew.xib */; };
		E7C3ADFA1A51EB6C008136AD /* ContentTableView.m in Sources */ = {isa = PBXBuildFile; fileRef = E7C3AD801A51EB6B008136AD /* ContentTableView.m */; };
		E7C3ADFB1A51EB6C008136AD /* ContentTableView.xib in Resources */ = {isa = PBXBuildFile; fileRef = E7C3AD811A51EB6B008136AD /* ContentTableView.xib */; };
		E7C3ADFC1A51EB6C008136AD /* ContentTableViewCell.m in Sources */ = {isa = PBXBuildFile; fileRef = E7C3AD831A51EB6B008136AD /* ContentTableViewCell.m */; };
		E7C3ADFD1A51EB6C008136AD /* ContentTableViewCell.xib in Resources */ = {isa = PBXBuildFile; fileRef = E7C3AD841A51EB6B008136AD /* ContentTableViewCell.xib */; };
		E7C3ADFE1A51EB6C008136AD /* ContentView.m in Sources */ = {isa = PBXBuildFile; fileRef = E7C3AD861A51EB6B008136AD /* ContentView.m */; };
		E7C3ADFF1A51EB6C008136AD /* ContentViewController.m in Sources */ = {isa = PBXBuildFile; fileRef = E7C3AD881A51EB6B008136AD /* ContentViewController.m */; };
		E7C3AE001A51EB6C008136AD /* ContnentCollectionView.xib in Resources */ = {isa = PBXBuildFile; fileRef = E7C3AD891A51EB6B008136AD /* ContnentCollectionView.xib */; };
		E7C3AE011A51EB6C008136AD /* CustomMedia.m in Sources */ = {isa = PBXBuildFile; fileRef = E7C3AD8B1A51EB6B008136AD /* CustomMedia.m */; };
		E7C3AE021A51EB6C008136AD /* Diagnosis.m in Sources */ = {isa = PBXBuildFile; fileRef = E7C3AD8D1A51EB6B008136AD /* Diagnosis.m */; };
		E7C3AE031A51EB6C008136AD /* DiagnosisDetailsViewController.m in Sources */ = {isa = PBXBuildFile; fileRef = E7C3AD8F1A51EB6B008136AD /* DiagnosisDetailsViewController.m */; };
		E7C3AE041A51EB6C008136AD /* DiagnosisViewController.m in Sources */ = {isa = PBXBuildFile; fileRef = E7C3AD911A51EB6B008136AD /* DiagnosisViewController.m */; };
		E7C3AE051A51EB6C008136AD /* Encounter.m in Sources */ = {isa = PBXBuildFile; fileRef = E7C3AD931A51EB6B008136AD /* Encounter.m */; };
		E7C3AE061A51EB6C008136AD /* EncounterTableViewCell.m in Sources */ = {isa = PBXBuildFile; fileRef = E7C3AD951A51EB6B008136AD /* EncounterTableViewCell.m */; };
		E7C3AE071A51EB6C008136AD /* EncounterViewModel.m in Sources */ = {isa = PBXBuildFile; fileRef = E7C3AD971A51EB6B008136AD /* EncounterViewModel.m */; };
		E7C3AE081A51EB6C008136AD /* FadeTransitionAnimator.m in Sources */ = {isa = PBXBuildFile; fileRef = E7C3AD991A51EB6B008136AD /* FadeTransitionAnimator.m */; };
		E7C3AE091A51EB6C008136AD /* FirstScreenViewController.m in Sources */ = {isa = PBXBuildFile; fileRef = E7C3AD9B1A51EB6B008136AD /* FirstScreenViewController.m */; };
		E7C3AE0B1A51EB6C008136AD /* Images.xcassets in Resources */ = {isa = PBXBuildFile; fileRef = E7C3AD9D1A51EB6B008136AD /* Images.xcassets */; };
		E7C3AE0C1A51EB6C008136AD /* Info.plist in Resources */ = {isa = PBXBuildFile; fileRef = E7C3AD9E1A51EB6B008136AD /* Info.plist */; };
		E7C3AE0D1A51EB6C008136AD /* LoginViewModel.m in Sources */ = {isa = PBXBuildFile; fileRef = E7C3ADA01A51EB6B008136AD /* LoginViewModel.m */; };
		E7C3AE0E1A51EB6C008136AD /* lumbarvideo.mp4 in Resources */ = {isa = PBXBuildFile; fileRef = E7C3ADA11A51EB6B008136AD /* lumbarvideo.mp4 */; };
		E7C3AE0F1A51EB6C008136AD /* main.m in Sources */ = {isa = PBXBuildFile; fileRef = E7C3ADA21A51EB6B008136AD /* main.m */; };
		E7C3AE111A51EB6C008136AD /* Media.m in Sources */ = {isa = PBXBuildFile; fileRef = E7C3ADA61A51EB6B008136AD /* Media.m */; };
		E7C3AE121A51EB6C008136AD /* MultipleChoiceTableView.m in Sources */ = {isa = PBXBuildFile; fileRef = E7C3ADA81A51EB6C008136AD /* MultipleChoiceTableView.m */; };
		E7C3AE131A51EB6C008136AD /* MultipleChoiceTableView.xib in Resources */ = {isa = PBXBuildFile; fileRef = E7C3ADA91A51EB6C008136AD /* MultipleChoiceTableView.xib */; };
		E7C3AE141A51EB6C008136AD /* MultipleChoiceTableViewCell.m in Sources */ = {isa = PBXBuildFile; fileRef = E7C3ADAB1A51EB6C008136AD /* MultipleChoiceTableViewCell.m */; };
		E7C3AE151A51EB6C008136AD /* MutlipleChoiceTableViewCell.xib in Resources */ = {isa = PBXBuildFile; fileRef = E7C3ADAC1A51EB6C008136AD /* MutlipleChoiceTableViewCell.xib */; };
		E7C3AE161A51EB6C008136AD /* MyContentViewController.m in Sources */ = {isa = PBXBuildFile; fileRef = E7C3ADAE1A51EB6C008136AD /* MyContentViewController.m */; };
		E7C3AE171A51EB6C008136AD /* OrcaMapping.m in Sources */ = {isa = PBXBuildFile; fileRef = E7C3ADB11A51EB6C008136AD /* OrcaMapping.m */; };
		E7C3AE181A51EB6C008136AD /* OrcaObject.m in Sources */ = {isa = PBXBuildFile; fileRef = E7C3ADB31A51EB6C008136AD /* OrcaObject.m */; };
		E7C3AE191A51EB6C008136AD /* OrcaObjectManager.m in Sources */ = {isa = PBXBuildFile; fileRef = E7C3ADB51A51EB6C008136AD /* OrcaObjectManager.m */; };
		E7C3AE1A1A51EB6C008136AD /* OrcaObjectRequestOperation.m in Sources */ = {isa = PBXBuildFile; fileRef = E7C3ADB71A51EB6C008136AD /* OrcaObjectRequestOperation.m */; };
		E7C3AE1B1A51EB6C008136AD /* PlanSectionsViewController.m in Sources */ = {isa = PBXBuildFile; fileRef = E7C3ADB91A51EB6C008136AD /* PlanSectionsViewController.m */; };
		E7C3AE1C1A51EB6C008136AD /* PlanSectionTableViewCell.m in Sources */ = {isa = PBXBuildFile; fileRef = E7C3ADBB1A51EB6C008136AD /* PlanSectionTableViewCell.m */; };
		E7C3AE1D1A51EB6C008136AD /* PlanViewController.m in Sources */ = {isa = PBXBuildFile; fileRef = E7C3ADBD1A51EB6C008136AD /* PlanViewController.m */; };
		E7C3AE1E1A51EB6C008136AD /* Provider.m in Sources */ = {isa = PBXBuildFile; fileRef = E7C3ADBF1A51EB6C008136AD /* Provider.m */; };
		E7C3AE1F1A51EB6C008136AD /* Proxima Nova Light.ttf in Resources */ = {isa = PBXBuildFile; fileRef = E7C3ADC01A51EB6C008136AD /* Proxima Nova Light.ttf */; };
		E7C3AE201A51EB6C008136AD /* ProximaNova-Reg.otf in Resources */ = {isa = PBXBuildFile; fileRef = E7C3ADC11A51EB6C008136AD /* ProximaNova-Reg.otf */; };
		E7C3AE211A51EB6C008136AD /* RecoveryTableView.m in Sources */ = {isa = PBXBuildFile; fileRef = E7C3ADC31A51EB6C008136AD /* RecoveryTableView.m */; };
		E7C3AE221A51EB6C008136AD /* RecoveryTableView.xib in Resources */ = {isa = PBXBuildFile; fileRef = E7C3ADC41A51EB6C008136AD /* RecoveryTableView.xib */; };
		E7C3AE231A51EB6C008136AD /* RecoveryTableViewCell.m in Sources */ = {isa = PBXBuildFile; fileRef = E7C3ADC61A51EB6C008136AD /* RecoveryTableViewCell.m */; };
		E7C3AE241A51EB6C008136AD /* RecoveryTableViewCell.xib in Resources */ = {isa = PBXBuildFile; fileRef = E7C3ADC71A51EB6C008136AD /* RecoveryTableViewCell.xib */; };
		E7C3AE251A51EB6C008136AD /* RecoveryTableViewCellNew.m in Sources */ = {isa = PBXBuildFile; fileRef = E7C3ADC91A51EB6C008136AD /* RecoveryTableViewCellNew.m */; };
		E7C3AE261A51EB6C008136AD /* recoveryVideo.mp4 in Resources */ = {isa = PBXBuildFile; fileRef = E7C3ADCA1A51EB6C008136AD /* recoveryVideo.mp4 */; };
		E7C3AE271A51EB6C008136AD /* RecoveryViewController.m in Sources */ = {isa = PBXBuildFile; fileRef = E7C3ADCC1A51EB6C008136AD /* RecoveryViewController.m */; };
		E7C3AE281A51EB6C008136AD /* RefreshView.m in Sources */ = {isa = PBXBuildFile; fileRef = E7C3ADCE1A51EB6C008136AD /* RefreshView.m */; };
		E7C3AE291A51EB6C008136AD /* RefreshView.xib in Resources */ = {isa = PBXBuildFile; fileRef = E7C3ADCF1A51EB6C008136AD /* RefreshView.xib */; };
		E7C3AE2A1A51EB6C008136AD /* rotatorCuffTear.mp4 in Resources */ = {isa = PBXBuildFile; fileRef = E7C3ADD01A51EB6C008136AD /* rotatorCuffTear.mp4 */; };
		E7C3AE2B1A51EB6C008136AD /* SearchViewController.m in Sources */ = {isa = PBXBuildFile; fileRef = E7C3ADD21A51EB6C008136AD /* SearchViewController.m */; };
		E7C3AE2C1A51EB6C008136AD /* SecondDesign.storyboard in Resources */ = {isa = PBXBuildFile; fileRef = E7C3ADD31A51EB6C008136AD /* SecondDesign.storyboard */; };
		E7C3AE2D1A51EB6C008136AD /* SettingsViewController.m in Sources */ = {isa = PBXBuildFile; fileRef = E7C3ADD51A51EB6C008136AD /* SettingsViewController.m */; };
		E7C3AE2E1A51EB6C008136AD /* ShellViewController.m in Sources */ = {isa = PBXBuildFile; fileRef = E7C3ADD71A51EB6C008136AD /* ShellViewController.m */; };
		E7C3AE2F1A51EB6C008136AD /* TableHeader.xib in Resources */ = {isa = PBXBuildFile; fileRef = E7C3ADD81A51EB6C008136AD /* TableHeader.xib */; };
		E7C3AE301A51EB6C008136AD /* TableHeaderView.m in Sources */ = {isa = PBXBuildFile; fileRef = E7C3ADDA1A51EB6C008136AD /* TableHeaderView.m */; };
		E7C3AE311A51EB6C008136AD /* TextViewController.m in Sources */ = {isa = PBXBuildFile; fileRef = E7C3ADDC1A51EB6C008136AD /* TextViewController.m */; };
		E7C3AE321A51EB6C008136AD /* TimelineShellViewController.m in Sources */ = {isa = PBXBuildFile; fileRef = E7C3ADDE1A51EB6C008136AD /* TimelineShellViewController.m */; };
		E7C3AE331A51EB6C008136AD /* TimelineTableViewCell.m in Sources */ = {isa = PBXBuildFile; fileRef = E7C3ADE01A51EB6C008136AD /* TimelineTableViewCell.m */; };
		E7C3AE341A51EB6C008136AD /* TimelineViewController.m in Sources */ = {isa = PBXBuildFile; fileRef = E7C3ADE21A51EB6C008136AD /* TimelineViewController.m */; };
		E7C3AE351A51EB6C008136AD /* TransitionAnimator.m in Sources */ = {isa = PBXBuildFile; fileRef = E7C3ADE41A51EB6C008136AD /* TransitionAnimator.m */; };
		E7C3AE361A51EB6C008136AD /* treatmentVid.mp4 in Resources */ = {isa = PBXBuildFile; fileRef = E7C3ADE51A51EB6C008136AD /* treatmentVid.mp4 */; };
		E7C3AE371A51EB6C008136AD /* TreatmentViewController.m in Sources */ = {isa = PBXBuildFile; fileRef = E7C3ADE71A51EB6C008136AD /* TreatmentViewController.m */; };
		E7C3AE381A51EB6C008136AD /* User.m in Sources */ = {isa = PBXBuildFile; fileRef = E7C3ADE91A51EB6C008136AD /* User.m */; };
		E7C3AE3B1A51EF4A008136AD /* _DTests.m in Sources */ = {isa = PBXBuildFile; fileRef = E7C3AE3A1A51EF4A008136AD /* _DTests.m */; };
		E7C3AE3D1A51EF61008136AD /* Info.plist in Resources */ = {isa = PBXBuildFile; fileRef = E7C3AE3C1A51EF61008136AD /* Info.plist */; };
/* End PBXBuildFile section */

/* Begin PBXContainerItemProxy section */
		E79823831A1D4FE8006002D0 /* PBXContainerItemProxy */ = {
			isa = PBXContainerItemProxy;
			containerPortal = E79823611A1D4FE8006002D0 /* Project object */;
			proxyType = 1;
			remoteGlobalIDString = E79823681A1D4FE8006002D0;
			remoteInfo = 3D;
		};
/* End PBXContainerItemProxy section */

/* Begin PBXFileReference section */
		2BE7AC7607824D0864C90551 /* Pods.release.xcconfig */ = {isa = PBXFileReference; includeInIndex = 1; lastKnownFileType = text.xcconfig; name = Pods.release.xcconfig; path = "Pods/Target Support Files/Pods/Pods.release.xcconfig"; sourceTree = "<group>"; };
		3EA16F092A7657E359D32763 /* Pods.debug.xcconfig */ = {isa = PBXFileReference; includeInIndex = 1; lastKnownFileType = text.xcconfig; name = Pods.debug.xcconfig; path = "Pods/Target Support Files/Pods/Pods.debug.xcconfig"; sourceTree = "<group>"; };
		990000186EABDE1398D8D368 /* libPods.a */ = {isa = PBXFileReference; explicitFileType = archive.ar; includeInIndex = 0; path = libPods.a; sourceTree = BUILT_PRODUCTS_DIR; };
		BE331FB71A51F2DC00610721 /* CardView.xib */ = {isa = PBXFileReference; fileEncoding = 4; lastKnownFileType = file.xib; name = CardView.xib; path = OrcaCare/CardView.xib; sourceTree = SOURCE_ROOT; };
		BE331FBA1A51F2FA00610721 /* Base */ = {isa = PBXFileReference; lastKnownFileType = file.xib; name = Base; path = OrcaCare/Base.lproj/LaunchScreen.xib; sourceTree = SOURCE_ROOT; };
		BE331FBC1A51F2FA00610721 /* Base */ = {isa = PBXFileReference; lastKnownFileType = file.storyboard; name = Base; path = OrcaCare/Base.lproj/Main.storyboard; sourceTree = SOURCE_ROOT; };
		E79823691A1D4FE8006002D0 /* OrcaCare.app */ = {isa = PBXFileReference; explicitFileType = wrapper.application; includeInIndex = 0; path = OrcaCare.app; sourceTree = BUILT_PRODUCTS_DIR; };
		E79823821A1D4FE8006002D0 /* OrcaCareTests.xctest */ = {isa = PBXFileReference; explicitFileType = wrapper.cfbundle; includeInIndex = 0; path = OrcaCareTests.xctest; sourceTree = BUILT_PRODUCTS_DIR; };
		E7C3AD641A51EB6B008136AD /* AMWaveTransition.h */ = {isa = PBXFileReference; fileEncoding = 4; lastKnownFileType = sourcecode.c.h; name = AMWaveTransition.h; path = OrcaCare/AMWaveTransition.h; sourceTree = SOURCE_ROOT; };
		E7C3AD651A51EB6B008136AD /* AMWaveTransition.m */ = {isa = PBXFileReference; fileEncoding = 4; lastKnownFileType = sourcecode.c.objc; name = AMWaveTransition.m; path = OrcaCare/AMWaveTransition.m; sourceTree = SOURCE_ROOT; };
		E7C3AD661A51EB6B008136AD /* AppDelegate.h */ = {isa = PBXFileReference; fileEncoding = 4; lastKnownFileType = sourcecode.c.h; name = AppDelegate.h; path = OrcaCare/AppDelegate.h; sourceTree = SOURCE_ROOT; };
		E7C3AD671A51EB6B008136AD /* AppDelegate.m */ = {isa = PBXFileReference; fileEncoding = 4; lastKnownFileType = sourcecode.c.objc; name = AppDelegate.m; path = OrcaCare/AppDelegate.m; sourceTree = SOURCE_ROOT; };
		E7C3AD6D1A51EB6B008136AD /* BubbleTransition.h */ = {isa = PBXFileReference; fileEncoding = 4; lastKnownFileType = sourcecode.c.h; name = BubbleTransition.h; path = OrcaCare/BubbleTransition.h; sourceTree = SOURCE_ROOT; };
		E7C3AD6E1A51EB6B008136AD /* BubbleTransition.m */ = {isa = PBXFileReference; fileEncoding = 4; lastKnownFileType = sourcecode.c.objc; name = BubbleTransition.m; path = OrcaCare/BubbleTransition.m; sourceTree = SOURCE_ROOT; };
		E7C3AD6F1A51EB6B008136AD /* CardShellViewController.h */ = {isa = PBXFileReference; fileEncoding = 4; lastKnownFileType = sourcecode.c.h; name = CardShellViewController.h; path = OrcaCare/CardShellViewController.h; sourceTree = SOURCE_ROOT; };
		E7C3AD701A51EB6B008136AD /* CardShellViewController.m */ = {isa = PBXFileReference; fileEncoding = 4; lastKnownFileType = sourcecode.c.objc; name = CardShellViewController.m; path = OrcaCare/CardShellViewController.m; sourceTree = SOURCE_ROOT; };
		E7C3AD711A51EB6B008136AD /* CardView.h */ = {isa = PBXFileReference; fileEncoding = 4; lastKnownFileType = sourcecode.c.h; name = CardView.h; path = OrcaCare/CardView.h; sourceTree = SOURCE_ROOT; };
		E7C3AD721A51EB6B008136AD /* CardView.m */ = {isa = PBXFileReference; fileEncoding = 4; lastKnownFileType = sourcecode.c.objc; name = CardView.m; path = OrcaCare/CardView.m; sourceTree = SOURCE_ROOT; };
		E7C3AD731A51EB6B008136AD /* CardViewController.h */ = {isa = PBXFileReference; fileEncoding = 4; lastKnownFileType = sourcecode.c.h; name = CardViewController.h; path = OrcaCare/CardViewController.h; sourceTree = SOURCE_ROOT; };
		E7C3AD741A51EB6B008136AD /* CardViewController.m */ = {isa = PBXFileReference; fileEncoding = 4; lastKnownFileType = sourcecode.c.objc; name = CardViewController.m; path = OrcaCare/CardViewController.m; sourceTree = SOURCE_ROOT; };
		E7C3AD751A51EB6B008136AD /* CheckupsViewController.h */ = {isa = PBXFileReference; fileEncoding = 4; lastKnownFileType = sourcecode.c.h; name = CheckupsViewController.h; path = OrcaCare/CheckupsViewController.h; sourceTree = SOURCE_ROOT; };
		E7C3AD761A51EB6B008136AD /* CheckupsViewController.m */ = {isa = PBXFileReference; fileEncoding = 4; lastKnownFileType = sourcecode.c.objc; name = CheckupsViewController.m; path = OrcaCare/CheckupsViewController.m; sourceTree = SOURCE_ROOT; };
		E7C3AD771A51EB6B008136AD /* CircleTransitionAnimator.swift */ = {isa = PBXFileReference; fileEncoding = 4; lastKnownFileType = sourcecode.swift; name = CircleTransitionAnimator.swift; path = OrcaCare/CircleTransitionAnimator.swift; sourceTree = SOURCE_ROOT; };
		E7C3AD781A51EB6B008136AD /* ConditionText.plist */ = {isa = PBXFileReference; fileEncoding = 4; lastKnownFileType = text.plist.xml; name = ConditionText.plist; path = OrcaCare/ConditionText.plist; sourceTree = SOURCE_ROOT; };
		E7C3AD791A51EB6B008136AD /* ContentCollectionViewCell.h */ = {isa = PBXFileReference; fileEncoding = 4; lastKnownFileType = sourcecode.c.h; name = ContentCollectionViewCell.h; path = OrcaCare/ContentCollectionViewCell.h; sourceTree = SOURCE_ROOT; };
		E7C3AD7A1A51EB6B008136AD /* ContentCollectionViewCell.m */ = {isa = PBXFileReference; fileEncoding = 4; lastKnownFileType = sourcecode.c.objc; name = ContentCollectionViewCell.m; path = OrcaCare/ContentCollectionViewCell.m; sourceTree = SOURCE_ROOT; };
		E7C3AD7B1A51EB6B008136AD /* ContentCollectionViewCell.xib */ = {isa = PBXFileReference; fileEncoding = 4; lastKnownFileType = file.xib; name = ContentCollectionViewCell.xib; path = OrcaCare/ContentCollectionViewCell.xib; sourceTree = SOURCE_ROOT; };
		E7C3AD7C1A51EB6B008136AD /* ContentCollectionViewCellNew.h */ = {isa = PBXFileReference; fileEncoding = 4; lastKnownFileType = sourcecode.c.h; name = ContentCollectionViewCellNew.h; path = OrcaCare/ContentCollectionViewCellNew.h; sourceTree = SOURCE_ROOT; };
		E7C3AD7D1A51EB6B008136AD /* ContentCollectionViewCellNew.m */ = {isa = PBXFileReference; fileEncoding = 4; lastKnownFileType = sourcecode.c.objc; name = ContentCollectionViewCellNew.m; path = OrcaCare/ContentCollectionViewCellNew.m; sourceTree = SOURCE_ROOT; };
		E7C3AD7E1A51EB6B008136AD /* ContentCollectionViewCellNew.xib */ = {isa = PBXFileReference; fileEncoding = 4; lastKnownFileType = file.xib; name = ContentCollectionViewCellNew.xib; path = OrcaCare/ContentCollectionViewCellNew.xib; sourceTree = SOURCE_ROOT; };
		E7C3AD7F1A51EB6B008136AD /* ContentTableView.h */ = {isa = PBXFileReference; fileEncoding = 4; lastKnownFileType = sourcecode.c.h; name = ContentTableView.h; path = OrcaCare/ContentTableView.h; sourceTree = SOURCE_ROOT; };
		E7C3AD801A51EB6B008136AD /* ContentTableView.m */ = {isa = PBXFileReference; fileEncoding = 4; lastKnownFileType = sourcecode.c.objc; name = ContentTableView.m; path = OrcaCare/ContentTableView.m; sourceTree = SOURCE_ROOT; };
		E7C3AD811A51EB6B008136AD /* ContentTableView.xib */ = {isa = PBXFileReference; fileEncoding = 4; lastKnownFileType = file.xib; name = ContentTableView.xib; path = OrcaCare/ContentTableView.xib; sourceTree = SOURCE_ROOT; };
		E7C3AD821A51EB6B008136AD /* ContentTableViewCell.h */ = {isa = PBXFileReference; fileEncoding = 4; lastKnownFileType = sourcecode.c.h; name = ContentTableViewCell.h; path = OrcaCare/ContentTableViewCell.h; sourceTree = SOURCE_ROOT; };
		E7C3AD831A51EB6B008136AD /* ContentTableViewCell.m */ = {isa = PBXFileReference; fileEncoding = 4; lastKnownFileType = sourcecode.c.objc; name = ContentTableViewCell.m; path = OrcaCare/ContentTableViewCell.m; sourceTree = SOURCE_ROOT; };
		E7C3AD841A51EB6B008136AD /* ContentTableViewCell.xib */ = {isa = PBXFileReference; fileEncoding = 4; lastKnownFileType = file.xib; name = ContentTableViewCell.xib; path = OrcaCare/ContentTableViewCell.xib; sourceTree = SOURCE_ROOT; };
		E7C3AD851A51EB6B008136AD /* ContentView.h */ = {isa = PBXFileReference; fileEncoding = 4; lastKnownFileType = sourcecode.c.h; name = ContentView.h; path = OrcaCare/ContentView.h; sourceTree = SOURCE_ROOT; };
		E7C3AD861A51EB6B008136AD /* ContentView.m */ = {isa = PBXFileReference; fileEncoding = 4; lastKnownFileType = sourcecode.c.objc; name = ContentView.m; path = OrcaCare/ContentView.m; sourceTree = SOURCE_ROOT; };
		E7C3AD871A51EB6B008136AD /* ContentViewController.h */ = {isa = PBXFileReference; fileEncoding = 4; lastKnownFileType = sourcecode.c.h; name = ContentViewController.h; path = OrcaCare/ContentViewController.h; sourceTree = SOURCE_ROOT; };
		E7C3AD881A51EB6B008136AD /* ContentViewController.m */ = {isa = PBXFileReference; fileEncoding = 4; lastKnownFileType = sourcecode.c.objc; name = ContentViewController.m; path = OrcaCare/ContentViewController.m; sourceTree = SOURCE_ROOT; };
		E7C3AD891A51EB6B008136AD /* ContnentCollectionView.xib */ = {isa = PBXFileReference; fileEncoding = 4; lastKnownFileType = file.xib; name = ContnentCollectionView.xib; path = OrcaCare/ContnentCollectionView.xib; sourceTree = SOURCE_ROOT; };
		E7C3AD8A1A51EB6B008136AD /* CustomMedia.h */ = {isa = PBXFileReference; fileEncoding = 4; lastKnownFileType = sourcecode.c.h; name = CustomMedia.h; path = OrcaCare/CustomMedia.h; sourceTree = SOURCE_ROOT; };
		E7C3AD8B1A51EB6B008136AD /* CustomMedia.m */ = {isa = PBXFileReference; fileEncoding = 4; lastKnownFileType = sourcecode.c.objc; name = CustomMedia.m; path = OrcaCare/CustomMedia.m; sourceTree = SOURCE_ROOT; };
		E7C3AD8C1A51EB6B008136AD /* Diagnosis.h */ = {isa = PBXFileReference; fileEncoding = 4; lastKnownFileType = sourcecode.c.h; name = Diagnosis.h; path = OrcaCare/Diagnosis.h; sourceTree = SOURCE_ROOT; };
		E7C3AD8D1A51EB6B008136AD /* Diagnosis.m */ = {isa = PBXFileReference; fileEncoding = 4; lastKnownFileType = sourcecode.c.objc; name = Diagnosis.m; path = OrcaCare/Diagnosis.m; sourceTree = SOURCE_ROOT; };
		E7C3AD8E1A51EB6B008136AD /* DiagnosisDetailsViewController.h */ = {isa = PBXFileReference; fileEncoding = 4; lastKnownFileType = sourcecode.c.h; name = DiagnosisDetailsViewController.h; path = OrcaCare/DiagnosisDetailsViewController.h; sourceTree = SOURCE_ROOT; };
		E7C3AD8F1A51EB6B008136AD /* DiagnosisDetailsViewController.m */ = {isa = PBXFileReference; fileEncoding = 4; lastKnownFileType = sourcecode.c.objc; name = DiagnosisDetailsViewController.m; path = OrcaCare/DiagnosisDetailsViewController.m; sourceTree = SOURCE_ROOT; };
		E7C3AD901A51EB6B008136AD /* DiagnosisViewController.h */ = {isa = PBXFileReference; fileEncoding = 4; lastKnownFileType = sourcecode.c.h; name = DiagnosisViewController.h; path = OrcaCare/DiagnosisViewController.h; sourceTree = SOURCE_ROOT; };
		E7C3AD911A51EB6B008136AD /* DiagnosisViewController.m */ = {isa = PBXFileReference; fileEncoding = 4; lastKnownFileType = sourcecode.c.objc; name = DiagnosisViewController.m; path = OrcaCare/DiagnosisViewController.m; sourceTree = SOURCE_ROOT; };
		E7C3AD921A51EB6B008136AD /* Encounter.h */ = {isa = PBXFileReference; fileEncoding = 4; lastKnownFileType = sourcecode.c.h; name = Encounter.h; path = OrcaCare/Encounter.h; sourceTree = SOURCE_ROOT; };
		E7C3AD931A51EB6B008136AD /* Encounter.m */ = {isa = PBXFileReference; fileEncoding = 4; lastKnownFileType = sourcecode.c.objc; name = Encounter.m; path = OrcaCare/Encounter.m; sourceTree = SOURCE_ROOT; };
		E7C3AD941A51EB6B008136AD /* EncounterTableViewCell.h */ = {isa = PBXFileReference; fileEncoding = 4; lastKnownFileType = sourcecode.c.h; name = EncounterTableViewCell.h; path = OrcaCare/EncounterTableViewCell.h; sourceTree = SOURCE_ROOT; };
		E7C3AD951A51EB6B008136AD /* EncounterTableViewCell.m */ = {isa = PBXFileReference; fileEncoding = 4; lastKnownFileType = sourcecode.c.objc; name = EncounterTableViewCell.m; path = OrcaCare/EncounterTableViewCell.m; sourceTree = SOURCE_ROOT; };
		E7C3AD961A51EB6B008136AD /* EncounterViewModel.h */ = {isa = PBXFileReference; fileEncoding = 4; lastKnownFileType = sourcecode.c.h; name = EncounterViewModel.h; path = OrcaCare/EncounterViewModel.h; sourceTree = SOURCE_ROOT; };
		E7C3AD971A51EB6B008136AD /* EncounterViewModel.m */ = {isa = PBXFileReference; fileEncoding = 4; lastKnownFileType = sourcecode.c.objc; name = EncounterViewModel.m; path = OrcaCare/EncounterViewModel.m; sourceTree = SOURCE_ROOT; };
		E7C3AD981A51EB6B008136AD /* FadeTransitionAnimator.h */ = {isa = PBXFileReference; fileEncoding = 4; lastKnownFileType = sourcecode.c.h; name = FadeTransitionAnimator.h; path = OrcaCare/FadeTransitionAnimator.h; sourceTree = SOURCE_ROOT; };
		E7C3AD991A51EB6B008136AD /* FadeTransitionAnimator.m */ = {isa = PBXFileReference; fileEncoding = 4; lastKnownFileType = sourcecode.c.objc; name = FadeTransitionAnimator.m; path = OrcaCare/FadeTransitionAnimator.m; sourceTree = SOURCE_ROOT; };
		E7C3AD9A1A51EB6B008136AD /* FirstScreenViewController.h */ = {isa = PBXFileReference; fileEncoding = 4; lastKnownFileType = sourcecode.c.h; name = FirstScreenViewController.h; path = OrcaCare/FirstScreenViewController.h; sourceTree = SOURCE_ROOT; };
		E7C3AD9B1A51EB6B008136AD /* FirstScreenViewController.m */ = {isa = PBXFileReference; fileEncoding = 4; lastKnownFileType = sourcecode.c.objc; name = FirstScreenViewController.m; path = OrcaCare/FirstScreenViewController.m; sourceTree = SOURCE_ROOT; };
		E7C3AD9D1A51EB6B008136AD /* Images.xcassets */ = {isa = PBXFileReference; lastKnownFileType = folder.assetcatalog; name = Images.xcassets; path = OrcaCare/Images.xcassets; sourceTree = SOURCE_ROOT; };
		E7C3AD9E1A51EB6B008136AD /* Info.plist */ = {isa = PBXFileReference; fileEncoding = 4; lastKnownFileType = text.plist.xml; name = Info.plist; path = OrcaCare/Info.plist; sourceTree = SOURCE_ROOT; };
		E7C3AD9F1A51EB6B008136AD /* LoginViewModel.h */ = {isa = PBXFileReference; fileEncoding = 4; lastKnownFileType = sourcecode.c.h; name = LoginViewModel.h; path = OrcaCare/LoginViewModel.h; sourceTree = SOURCE_ROOT; };
		E7C3ADA01A51EB6B008136AD /* LoginViewModel.m */ = {isa = PBXFileReference; fileEncoding = 4; lastKnownFileType = sourcecode.c.objc; name = LoginViewModel.m; path = OrcaCare/LoginViewModel.m; sourceTree = SOURCE_ROOT; };
		E7C3ADA11A51EB6B008136AD /* lumbarvideo.mp4 */ = {isa = PBXFileReference; lastKnownFileType = file; name = lumbarvideo.mp4; path = OrcaCare/lumbarvideo.mp4; sourceTree = SOURCE_ROOT; };
		E7C3ADA21A51EB6B008136AD /* main.m */ = {isa = PBXFileReference; fileEncoding = 4; lastKnownFileType = sourcecode.c.objc; name = main.m; path = OrcaCare/main.m; sourceTree = SOURCE_ROOT; };
		E7C3ADA51A51EB6B008136AD /* Media.h */ = {isa = PBXFileReference; fileEncoding = 4; lastKnownFileType = sourcecode.c.h; name = Media.h; path = OrcaCare/Media.h; sourceTree = SOURCE_ROOT; };
		E7C3ADA61A51EB6B008136AD /* Media.m */ = {isa = PBXFileReference; fileEncoding = 4; lastKnownFileType = sourcecode.c.objc; name = Media.m; path = OrcaCare/Media.m; sourceTree = SOURCE_ROOT; };
		E7C3ADA71A51EB6C008136AD /* MultipleChoiceTableView.h */ = {isa = PBXFileReference; fileEncoding = 4; lastKnownFileType = sourcecode.c.h; name = MultipleChoiceTableView.h; path = OrcaCare/MultipleChoiceTableView.h; sourceTree = SOURCE_ROOT; };
		E7C3ADA81A51EB6C008136AD /* MultipleChoiceTableView.m */ = {isa = PBXFileReference; fileEncoding = 4; lastKnownFileType = sourcecode.c.objc; name = MultipleChoiceTableView.m; path = OrcaCare/MultipleChoiceTableView.m; sourceTree = SOURCE_ROOT; };
		E7C3ADA91A51EB6C008136AD /* MultipleChoiceTableView.xib */ = {isa = PBXFileReference; fileEncoding = 4; lastKnownFileType = file.xib; name = MultipleChoiceTableView.xib; path = OrcaCare/MultipleChoiceTableView.xib; sourceTree = SOURCE_ROOT; };
		E7C3ADAA1A51EB6C008136AD /* MultipleChoiceTableViewCell.h */ = {isa = PBXFileReference; fileEncoding = 4; lastKnownFileType = sourcecode.c.h; name = MultipleChoiceTableViewCell.h; path = OrcaCare/MultipleChoiceTableViewCell.h; sourceTree = SOURCE_ROOT; };
		E7C3ADAB1A51EB6C008136AD /* MultipleChoiceTableViewCell.m */ = {isa = PBXFileReference; fileEncoding = 4; lastKnownFileType = sourcecode.c.objc; name = MultipleChoiceTableViewCell.m; path = OrcaCare/MultipleChoiceTableViewCell.m; sourceTree = SOURCE_ROOT; };
		E7C3ADAC1A51EB6C008136AD /* MutlipleChoiceTableViewCell.xib */ = {isa = PBXFileReference; fileEncoding = 4; lastKnownFileType = file.xib; name = MutlipleChoiceTableViewCell.xib; path = OrcaCare/MutlipleChoiceTableViewCell.xib; sourceTree = SOURCE_ROOT; };
		E7C3ADAD1A51EB6C008136AD /* MyContentViewController.h */ = {isa = PBXFileReference; fileEncoding = 4; lastKnownFileType = sourcecode.c.h; name = MyContentViewController.h; path = OrcaCare/MyContentViewController.h; sourceTree = SOURCE_ROOT; };
		E7C3ADAE1A51EB6C008136AD /* MyContentViewController.m */ = {isa = PBXFileReference; fileEncoding = 4; lastKnownFileType = sourcecode.c.objc; name = MyContentViewController.m; path = OrcaCare/MyContentViewController.m; sourceTree = SOURCE_ROOT; };
		E7C3ADAF1A51EB6C008136AD /* Orca Care-Bridging-Header.h */ = {isa = PBXFileReference; fileEncoding = 4; lastKnownFileType = sourcecode.c.h; name = "Orca Care-Bridging-Header.h"; path = "OrcaCare/Orca Care-Bridging-Header.h"; sourceTree = SOURCE_ROOT; };
		E7C3ADB01A51EB6C008136AD /* OrcaMapping.h */ = {isa = PBXFileReference; fileEncoding = 4; lastKnownFileType = sourcecode.c.h; name = OrcaMapping.h; path = OrcaCare/OrcaMapping.h; sourceTree = SOURCE_ROOT; };
		E7C3ADB11A51EB6C008136AD /* OrcaMapping.m */ = {isa = PBXFileReference; fileEncoding = 4; lastKnownFileType = sourcecode.c.objc; name = OrcaMapping.m; path = OrcaCare/OrcaMapping.m; sourceTree = SOURCE_ROOT; };
		E7C3ADB21A51EB6C008136AD /* OrcaObject.h */ = {isa = PBXFileReference; fileEncoding = 4; lastKnownFileType = sourcecode.c.h; name = OrcaObject.h; path = OrcaCare/OrcaObject.h; sourceTree = SOURCE_ROOT; };
		E7C3ADB31A51EB6C008136AD /* OrcaObject.m */ = {isa = PBXFileReference; fileEncoding = 4; lastKnownFileType = sourcecode.c.objc; name = OrcaObject.m; path = OrcaCare/OrcaObject.m; sourceTree = SOURCE_ROOT; };
		E7C3ADB41A51EB6C008136AD /* OrcaObjectManager.h */ = {isa = PBXFileReference; fileEncoding = 4; lastKnownFileType = sourcecode.c.h; name = OrcaObjectManager.h; path = OrcaCare/OrcaObjectManager.h; sourceTree = SOURCE_ROOT; };
		E7C3ADB51A51EB6C008136AD /* OrcaObjectManager.m */ = {isa = PBXFileReference; fileEncoding = 4; lastKnownFileType = sourcecode.c.objc; name = OrcaObjectManager.m; path = OrcaCare/OrcaObjectManager.m; sourceTree = SOURCE_ROOT; };
		E7C3ADB61A51EB6C008136AD /* OrcaObjectRequestOperation.h */ = {isa = PBXFileReference; fileEncoding = 4; lastKnownFileType = sourcecode.c.h; name = OrcaObjectRequestOperation.h; path = OrcaCare/OrcaObjectRequestOperation.h; sourceTree = SOURCE_ROOT; };
		E7C3ADB71A51EB6C008136AD /* OrcaObjectRequestOperation.m */ = {isa = PBXFileReference; fileEncoding = 4; lastKnownFileType = sourcecode.c.objc; name = OrcaObjectRequestOperation.m; path = OrcaCare/OrcaObjectRequestOperation.m; sourceTree = SOURCE_ROOT; };
		E7C3ADB81A51EB6C008136AD /* PlanSectionsViewController.h */ = {isa = PBXFileReference; fileEncoding = 4; lastKnownFileType = sourcecode.c.h; name = PlanSectionsViewController.h; path = OrcaCare/PlanSectionsViewController.h; sourceTree = SOURCE_ROOT; };
		E7C3ADB91A51EB6C008136AD /* PlanSectionsViewController.m */ = {isa = PBXFileReference; fileEncoding = 4; lastKnownFileType = sourcecode.c.objc; name = PlanSectionsViewController.m; path = OrcaCare/PlanSectionsViewController.m; sourceTree = SOURCE_ROOT; };
		E7C3ADBA1A51EB6C008136AD /* PlanSectionTableViewCell.h */ = {isa = PBXFileReference; fileEncoding = 4; lastKnownFileType = sourcecode.c.h; name = PlanSectionTableViewCell.h; path = OrcaCare/PlanSectionTableViewCell.h; sourceTree = SOURCE_ROOT; };
		E7C3ADBB1A51EB6C008136AD /* PlanSectionTableViewCell.m */ = {isa = PBXFileReference; fileEncoding = 4; lastKnownFileType = sourcecode.c.objc; name = PlanSectionTableViewCell.m; path = OrcaCare/PlanSectionTableViewCell.m; sourceTree = SOURCE_ROOT; };
		E7C3ADBC1A51EB6C008136AD /* PlanViewController.h */ = {isa = PBXFileReference; fileEncoding = 4; lastKnownFileType = sourcecode.c.h; name = PlanViewController.h; path = OrcaCare/PlanViewController.h; sourceTree = SOURCE_ROOT; };
		E7C3ADBD1A51EB6C008136AD /* PlanViewController.m */ = {isa = PBXFileReference; fileEncoding = 4; lastKnownFileType = sourcecode.c.objc; name = PlanViewController.m; path = OrcaCare/PlanViewController.m; sourceTree = SOURCE_ROOT; };
		E7C3ADBE1A51EB6C008136AD /* Provider.h */ = {isa = PBXFileReference; fileEncoding = 4; lastKnownFileType = sourcecode.c.h; name = Provider.h; path = OrcaCare/Provider.h; sourceTree = SOURCE_ROOT; };
		E7C3ADBF1A51EB6C008136AD /* Provider.m */ = {isa = PBXFileReference; fileEncoding = 4; lastKnownFileType = sourcecode.c.objc; name = Provider.m; path = OrcaCare/Provider.m; sourceTree = SOURCE_ROOT; };
		E7C3ADC01A51EB6C008136AD /* Proxima Nova Light.ttf */ = {isa = PBXFileReference; lastKnownFileType = file; name = "Proxima Nova Light.ttf"; path = "OrcaCare/Proxima Nova Light.ttf"; sourceTree = SOURCE_ROOT; };
		E7C3ADC11A51EB6C008136AD /* ProximaNova-Reg.otf */ = {isa = PBXFileReference; lastKnownFileType = file; name = "ProximaNova-Reg.otf"; path = "OrcaCare/ProximaNova-Reg.otf"; sourceTree = SOURCE_ROOT; };
		E7C3ADC21A51EB6C008136AD /* RecoveryTableView.h */ = {isa = PBXFileReference; fileEncoding = 4; lastKnownFileType = sourcecode.c.h; name = RecoveryTableView.h; path = OrcaCare/RecoveryTableView.h; sourceTree = SOURCE_ROOT; };
		E7C3ADC31A51EB6C008136AD /* RecoveryTableView.m */ = {isa = PBXFileReference; fileEncoding = 4; lastKnownFileType = sourcecode.c.objc; name = RecoveryTableView.m; path = OrcaCare/RecoveryTableView.m; sourceTree = SOURCE_ROOT; };
		E7C3ADC41A51EB6C008136AD /* RecoveryTableView.xib */ = {isa = PBXFileReference; fileEncoding = 4; lastKnownFileType = file.xib; name = RecoveryTableView.xib; path = OrcaCare/RecoveryTableView.xib; sourceTree = SOURCE_ROOT; };
		E7C3ADC51A51EB6C008136AD /* RecoveryTableViewCell.h */ = {isa = PBXFileReference; fileEncoding = 4; lastKnownFileType = sourcecode.c.h; name = RecoveryTableViewCell.h; path = OrcaCare/RecoveryTableViewCell.h; sourceTree = SOURCE_ROOT; };
		E7C3ADC61A51EB6C008136AD /* RecoveryTableViewCell.m */ = {isa = PBXFileReference; fileEncoding = 4; lastKnownFileType = sourcecode.c.objc; name = RecoveryTableViewCell.m; path = OrcaCare/RecoveryTableViewCell.m; sourceTree = SOURCE_ROOT; };
		E7C3ADC71A51EB6C008136AD /* RecoveryTableViewCell.xib */ = {isa = PBXFileReference; fileEncoding = 4; lastKnownFileType = file.xib; name = RecoveryTableViewCell.xib; path = OrcaCare/RecoveryTableViewCell.xib; sourceTree = SOURCE_ROOT; };
		E7C3ADC81A51EB6C008136AD /* RecoveryTableViewCellNew.h */ = {isa = PBXFileReference; fileEncoding = 4; lastKnownFileType = sourcecode.c.h; name = RecoveryTableViewCellNew.h; path = OrcaCare/RecoveryTableViewCellNew.h; sourceTree = SOURCE_ROOT; };
		E7C3ADC91A51EB6C008136AD /* RecoveryTableViewCellNew.m */ = {isa = PBXFileReference; fileEncoding = 4; lastKnownFileType = sourcecode.c.objc; name = RecoveryTableViewCellNew.m; path = OrcaCare/RecoveryTableViewCellNew.m; sourceTree = SOURCE_ROOT; };
		E7C3ADCA1A51EB6C008136AD /* recoveryVideo.mp4 */ = {isa = PBXFileReference; lastKnownFileType = file; name = recoveryVideo.mp4; path = OrcaCare/recoveryVideo.mp4; sourceTree = SOURCE_ROOT; };
		E7C3ADCB1A51EB6C008136AD /* RecoveryViewController.h */ = {isa = PBXFileReference; fileEncoding = 4; lastKnownFileType = sourcecode.c.h; name = RecoveryViewController.h; path = OrcaCare/RecoveryViewController.h; sourceTree = SOURCE_ROOT; };
		E7C3ADCC1A51EB6C008136AD /* RecoveryViewController.m */ = {isa = PBXFileReference; fileEncoding = 4; lastKnownFileType = sourcecode.c.objc; name = RecoveryViewController.m; path = OrcaCare/RecoveryViewController.m; sourceTree = SOURCE_ROOT; };
		E7C3ADCD1A51EB6C008136AD /* RefreshView.h */ = {isa = PBXFileReference; fileEncoding = 4; lastKnownFileType = sourcecode.c.h; name = RefreshView.h; path = OrcaCare/RefreshView.h; sourceTree = SOURCE_ROOT; };
		E7C3ADCE1A51EB6C008136AD /* RefreshView.m */ = {isa = PBXFileReference; fileEncoding = 4; lastKnownFileType = sourcecode.c.objc; name = RefreshView.m; path = OrcaCare/RefreshView.m; sourceTree = SOURCE_ROOT; };
		E7C3ADCF1A51EB6C008136AD /* RefreshView.xib */ = {isa = PBXFileReference; fileEncoding = 4; lastKnownFileType = file.xib; name = RefreshView.xib; path = OrcaCare/RefreshView.xib; sourceTree = SOURCE_ROOT; };
		E7C3ADD01A51EB6C008136AD /* rotatorCuffTear.mp4 */ = {isa = PBXFileReference; lastKnownFileType = file; name = rotatorCuffTear.mp4; path = OrcaCare/rotatorCuffTear.mp4; sourceTree = SOURCE_ROOT; };
		E7C3ADD11A51EB6C008136AD /* SearchViewController.h */ = {isa = PBXFileReference; fileEncoding = 4; lastKnownFileType = sourcecode.c.h; name = SearchViewController.h; path = OrcaCare/SearchViewController.h; sourceTree = SOURCE_ROOT; };
		E7C3ADD21A51EB6C008136AD /* SearchViewController.m */ = {isa = PBXFileReference; fileEncoding = 4; lastKnownFileType = sourcecode.c.objc; name = SearchViewController.m; path = OrcaCare/SearchViewController.m; sourceTree = SOURCE_ROOT; };
		E7C3ADD31A51EB6C008136AD /* SecondDesign.storyboard */ = {isa = PBXFileReference; fileEncoding = 4; lastKnownFileType = file.storyboard; name = SecondDesign.storyboard; path = OrcaCare/SecondDesign.storyboard; sourceTree = SOURCE_ROOT; };
		E7C3ADD41A51EB6C008136AD /* SettingsViewController.h */ = {isa = PBXFileReference; fileEncoding = 4; lastKnownFileType = sourcecode.c.h; name = SettingsViewController.h; path = OrcaCare/SettingsViewController.h; sourceTree = SOURCE_ROOT; };
		E7C3ADD51A51EB6C008136AD /* SettingsViewController.m */ = {isa = PBXFileReference; fileEncoding = 4; lastKnownFileType = sourcecode.c.objc; name = SettingsViewController.m; path = OrcaCare/SettingsViewController.m; sourceTree = SOURCE_ROOT; };
		E7C3ADD61A51EB6C008136AD /* ShellViewController.h */ = {isa = PBXFileReference; fileEncoding = 4; lastKnownFileType = sourcecode.c.h; name = ShellViewController.h; path = OrcaCare/ShellViewController.h; sourceTree = SOURCE_ROOT; };
		E7C3ADD71A51EB6C008136AD /* ShellViewController.m */ = {isa = PBXFileReference; fileEncoding = 4; lastKnownFileType = sourcecode.c.objc; name = ShellViewController.m; path = OrcaCare/ShellViewController.m; sourceTree = SOURCE_ROOT; };
		E7C3ADD81A51EB6C008136AD /* TableHeader.xib */ = {isa = PBXFileReference; fileEncoding = 4; lastKnownFileType = file.xib; name = TableHeader.xib; path = OrcaCare/TableHeader.xib; sourceTree = SOURCE_ROOT; };
		E7C3ADD91A51EB6C008136AD /* TableHeaderView.h */ = {isa = PBXFileReference; fileEncoding = 4; lastKnownFileType = sourcecode.c.h; name = TableHeaderView.h; path = OrcaCare/TableHeaderView.h; sourceTree = SOURCE_ROOT; };
		E7C3ADDA1A51EB6C008136AD /* TableHeaderView.m */ = {isa = PBXFileReference; fileEncoding = 4; lastKnownFileType = sourcecode.c.objc; name = TableHeaderView.m; path = OrcaCare/TableHeaderView.m; sourceTree = SOURCE_ROOT; };
		E7C3ADDB1A51EB6C008136AD /* TextViewController.h */ = {isa = PBXFileReference; fileEncoding = 4; lastKnownFileType = sourcecode.c.h; name = TextViewController.h; path = OrcaCare/TextViewController.h; sourceTree = SOURCE_ROOT; };
		E7C3ADDC1A51EB6C008136AD /* TextViewController.m */ = {isa = PBXFileReference; fileEncoding = 4; lastKnownFileType = sourcecode.c.objc; name = TextViewController.m; path = OrcaCare/TextViewController.m; sourceTree = SOURCE_ROOT; };
		E7C3ADDD1A51EB6C008136AD /* TimelineShellViewController.h */ = {isa = PBXFileReference; fileEncoding = 4; lastKnownFileType = sourcecode.c.h; name = TimelineShellViewController.h; path = OrcaCare/TimelineShellViewController.h; sourceTree = SOURCE_ROOT; };
		E7C3ADDE1A51EB6C008136AD /* TimelineShellViewController.m */ = {isa = PBXFileReference; fileEncoding = 4; lastKnownFileType = sourcecode.c.objc; name = TimelineShellViewController.m; path = OrcaCare/TimelineShellViewController.m; sourceTree = SOURCE_ROOT; };
		E7C3ADDF1A51EB6C008136AD /* TimelineTableViewCell.h */ = {isa = PBXFileReference; fileEncoding = 4; lastKnownFileType = sourcecode.c.h; name = TimelineTableViewCell.h; path = OrcaCare/TimelineTableViewCell.h; sourceTree = SOURCE_ROOT; };
		E7C3ADE01A51EB6C008136AD /* TimelineTableViewCell.m */ = {isa = PBXFileReference; fileEncoding = 4; lastKnownFileType = sourcecode.c.objc; name = TimelineTableViewCell.m; path = OrcaCare/TimelineTableViewCell.m; sourceTree = SOURCE_ROOT; };
		E7C3ADE11A51EB6C008136AD /* TimelineViewController.h */ = {isa = PBXFileReference; fileEncoding = 4; lastKnownFileType = sourcecode.c.h; name = TimelineViewController.h; path = OrcaCare/TimelineViewController.h; sourceTree = SOURCE_ROOT; };
		E7C3ADE21A51EB6C008136AD /* TimelineViewController.m */ = {isa = PBXFileReference; fileEncoding = 4; lastKnownFileType = sourcecode.c.objc; name = TimelineViewController.m; path = OrcaCare/TimelineViewController.m; sourceTree = SOURCE_ROOT; };
		E7C3ADE31A51EB6C008136AD /* TransitionAnimator.h */ = {isa = PBXFileReference; fileEncoding = 4; lastKnownFileType = sourcecode.c.h; name = TransitionAnimator.h; path = OrcaCare/TransitionAnimator.h; sourceTree = SOURCE_ROOT; };
		E7C3ADE41A51EB6C008136AD /* TransitionAnimator.m */ = {isa = PBXFileReference; fileEncoding = 4; lastKnownFileType = sourcecode.c.objc; name = TransitionAnimator.m; path = OrcaCare/TransitionAnimator.m; sourceTree = SOURCE_ROOT; };
		E7C3ADE51A51EB6C008136AD /* treatmentVid.mp4 */ = {isa = PBXFileReference; lastKnownFileType = file; name = treatmentVid.mp4; path = OrcaCare/treatmentVid.mp4; sourceTree = SOURCE_ROOT; };
		E7C3ADE61A51EB6C008136AD /* TreatmentViewController.h */ = {isa = PBXFileReference; fileEncoding = 4; lastKnownFileType = sourcecode.c.h; name = TreatmentViewController.h; path = OrcaCare/TreatmentViewController.h; sourceTree = SOURCE_ROOT; };
		E7C3ADE71A51EB6C008136AD /* TreatmentViewController.m */ = {isa = PBXFileReference; fileEncoding = 4; lastKnownFileType = sourcecode.c.objc; name = TreatmentViewController.m; path = OrcaCare/TreatmentViewController.m; sourceTree = SOURCE_ROOT; };
		E7C3ADE81A51EB6C008136AD /* User.h */ = {isa = PBXFileReference; fileEncoding = 4; lastKnownFileType = sourcecode.c.h; name = User.h; path = OrcaCare/User.h; sourceTree = SOURCE_ROOT; };
		E7C3ADE91A51EB6C008136AD /* User.m */ = {isa = PBXFileReference; fileEncoding = 4; lastKnownFileType = sourcecode.c.objc; name = User.m; path = OrcaCare/User.m; sourceTree = SOURCE_ROOT; };
		E7C3AE3A1A51EF4A008136AD /* _DTests.m */ = {isa = PBXFileReference; fileEncoding = 4; lastKnownFileType = sourcecode.c.objc; name = _DTests.m; path = OrcaCareTests/_DTests.m; sourceTree = SOURCE_ROOT; };
		E7C3AE3C1A51EF61008136AD /* Info.plist */ = {isa = PBXFileReference; fileEncoding = 4; lastKnownFileType = text.plist.xml; name = Info.plist; path = OrcaCareTests/Info.plist; sourceTree = SOURCE_ROOT; };
/* End PBXFileReference section */

/* Begin PBXFrameworksBuildPhase section */
		E79823661A1D4FE8006002D0 /* Frameworks */ = {
			isa = PBXFrameworksBuildPhase;
			buildActionMask = 2147483647;
			files = (
				061C2E1EE620F59EA660CA7A /* libPods.a in Frameworks */,
			);
			runOnlyForDeploymentPostprocessing = 0;
		};
		E798237F1A1D4FE8006002D0 /* Frameworks */ = {
			isa = PBXFrameworksBuildPhase;
			buildActionMask = 2147483647;
			files = (
			);
			runOnlyForDeploymentPostprocessing = 0;
		};
/* End PBXFrameworksBuildPhase section */

/* Begin PBXGroup section */
		BE910A691A322DB000CBCC7B /* Models */ = {
			isa = PBXGroup;
			children = (
				E7C3ADB61A51EB6C008136AD /* OrcaObjectRequestOperation.h */,
				E7C3ADB71A51EB6C008136AD /* OrcaObjectRequestOperation.m */,
				E7C3ADB21A51EB6C008136AD /* OrcaObject.h */,
				E7C3ADB31A51EB6C008136AD /* OrcaObject.m */,
				E7C3ADB01A51EB6C008136AD /* OrcaMapping.h */,
				E7C3ADB11A51EB6C008136AD /* OrcaMapping.m */,
				E7C3AD8A1A51EB6B008136AD /* CustomMedia.h */,
				E7C3AD8B1A51EB6B008136AD /* CustomMedia.m */,
				E7C3ADA51A51EB6B008136AD /* Media.h */,
				E7C3ADA61A51EB6B008136AD /* Media.m */,
				E7C3AD8C1A51EB6B008136AD /* Diagnosis.h */,
				E7C3AD8D1A51EB6B008136AD /* Diagnosis.m */,
				E7C3AD921A51EB6B008136AD /* Encounter.h */,
				E7C3AD931A51EB6B008136AD /* Encounter.m */,
				E7C3ADE81A51EB6C008136AD /* User.h */,
				E7C3ADE91A51EB6C008136AD /* User.m */,
				E7C3ADBE1A51EB6C008136AD /* Provider.h */,
				E7C3ADBF1A51EB6C008136AD /* Provider.m */,
				E7C3ADB41A51EB6C008136AD /* OrcaObjectManager.h */,
				E7C3ADB51A51EB6C008136AD /* OrcaObjectManager.m */,
			);
			name = Models;
			sourceTree = "<group>";
		};
		BE910A6A1A322DBD00CBCC7B /* ViewModels */ = {
			isa = PBXGroup;
			children = (
				E7C3AD961A51EB6B008136AD /* EncounterViewModel.h */,
				E7C3AD971A51EB6B008136AD /* EncounterViewModel.m */,
				E7C3AD9F1A51EB6B008136AD /* LoginViewModel.h */,
				E7C3ADA01A51EB6B008136AD /* LoginViewModel.m */,
			);
			name = ViewModels;
			sourceTree = "<group>";
		};
		E28BCC86B186B625432930F2 /* Pods */ = {
			isa = PBXGroup;
			children = (
				3EA16F092A7657E359D32763 /* Pods.debug.xcconfig */,
				2BE7AC7607824D0864C90551 /* Pods.release.xcconfig */,
			);
			name = Pods;
			sourceTree = "<group>";
		};
		E79823601A1D4FE8006002D0 = {
			isa = PBXGroup;
			children = (
				E798236B1A1D4FE8006002D0 /* OrcaCare */,
				E79823851A1D4FE8006002D0 /* OrcaCareTests */,
				E798236A1A1D4FE8006002D0 /* Products */,
				E28BCC86B186B625432930F2 /* Pods */,
				EC0497A764FBEC5463A1A5BC /* Frameworks */,
			);
			sourceTree = "<group>";
		};
		E798236A1A1D4FE8006002D0 /* Products */ = {
			isa = PBXGroup;
			children = (
				E79823691A1D4FE8006002D0 /* OrcaCare.app */,
				E79823821A1D4FE8006002D0 /* OrcaCareTests.xctest */,
			);
			name = Products;
			sourceTree = "<group>";
		};
		E798236B1A1D4FE8006002D0 /* OrcaCare */ = {
			isa = PBXGroup;
			children = (
				BE331FB91A51F2FA00610721 /* LaunchScreen.xib */,
				E7C3AD661A51EB6B008136AD /* AppDelegate.h */,
				E7C3AD671A51EB6B008136AD /* AppDelegate.m */,
				E7C3AD9D1A51EB6B008136AD /* Images.xcassets */,
				E7C3AE391A51EE72008136AD /* Videos */,
				BE910A691A322DB000CBCC7B /* Models */,
				E79C85831A44A03000ED884C /* New Design */,
				E79C857F1A449F1800ED884C /* Old Design */,
				E798236C1A1D4FE8006002D0 /* Supporting Files */,
				BE910A6A1A322DBD00CBCC7B /* ViewModels */,
			);
			name = OrcaCare;
			path = 3D;
			sourceTree = "<group>";
		};
		E798236C1A1D4FE8006002D0 /* Supporting Files */ = {
			isa = PBXGroup;
			children = (
				E7C3AD9E1A51EB6B008136AD /* Info.plist */,
				E7C3ADA21A51EB6B008136AD /* main.m */,
				E7C3ADC01A51EB6C008136AD /* Proxima Nova Light.ttf */,
				E7C3ADC11A51EB6C008136AD /* ProximaNova-Reg.otf */,
			);
			name = "Supporting Files";
			sourceTree = "<group>";
		};
		E79823851A1D4FE8006002D0 /* OrcaCareTests */ = {
			isa = PBXGroup;
			children = (
				E7C3AE3A1A51EF4A008136AD /* _DTests.m */,
				E79823861A1D4FE8006002D0 /* Supporting Files */,
			);
			name = OrcaCareTests;
			path = 3DTests;
			sourceTree = "<group>";
		};
		E79823861A1D4FE8006002D0 /* Supporting Files */ = {
			isa = PBXGroup;
			children = (
				E7C3AE3C1A51EF61008136AD /* Info.plist */,
			);
			name = "Supporting Files";
			sourceTree = "<group>";
		};
		E79C857F1A449F1800ED884C /* Old Design */ = {
			isa = PBXGroup;
			children = (
				BE331FBB1A51F2FA00610721 /* Main.storyboard */,
				E7C3AD781A51EB6B008136AD /* ConditionText.plist */,
				E7C3AD6F1A51EB6B008136AD /* CardShellViewController.h */,
				E7C3AD701A51EB6B008136AD /* CardShellViewController.m */,
				E7C3AD641A51EB6B008136AD /* AMWaveTransition.h */,
				E7C3AD651A51EB6B008136AD /* AMWaveTransition.m */,
				E7C3AD731A51EB6B008136AD /* CardViewController.h */,
				E7C3AD741A51EB6B008136AD /* CardViewController.m */,
				E7C3AD751A51EB6B008136AD /* CheckupsViewController.h */,
				E7C3AD761A51EB6B008136AD /* CheckupsViewController.m */,
				E7C3AD771A51EB6B008136AD /* CircleTransitionAnimator.swift */,
				E7C3AD711A51EB6B008136AD /* CardView.h */,
				E7C3AD721A51EB6B008136AD /* CardView.m */,
				BE331FB71A51F2DC00610721 /* CardView.xib */,
				E7C3AD791A51EB6B008136AD /* ContentCollectionViewCell.h */,
				E7C3AD7A1A51EB6B008136AD /* ContentCollectionViewCell.m */,
				E7C3AD7B1A51EB6B008136AD /* ContentCollectionViewCell.xib */,
				E7C3AD871A51EB6B008136AD /* ContentViewController.h */,
				E7C3AD881A51EB6B008136AD /* ContentViewController.m */,
				E7C3AD8E1A51EB6B008136AD /* DiagnosisDetailsViewController.h */,
				E7C3AD8F1A51EB6B008136AD /* DiagnosisDetailsViewController.m */,
				E7C3AD901A51EB6B008136AD /* DiagnosisViewController.h */,
				E7C3AD911A51EB6B008136AD /* DiagnosisViewController.m */,
				E7C3AD941A51EB6B008136AD /* EncounterTableViewCell.h */,
				E7C3AD951A51EB6B008136AD /* EncounterTableViewCell.m */,
				E7C3ADAD1A51EB6C008136AD /* MyContentViewController.h */,
				E7C3ADAE1A51EB6C008136AD /* MyContentViewController.m */,
				E7C3ADAF1A51EB6C008136AD /* Orca Care-Bridging-Header.h */,
				E7C3ADBC1A51EB6C008136AD /* PlanViewController.h */,
				E7C3ADBD1A51EB6C008136AD /* PlanViewController.m */,
				E7C3ADC51A51EB6C008136AD /* RecoveryTableViewCell.h */,
				E7C3ADC61A51EB6C008136AD /* RecoveryTableViewCell.m */,
				E7C3ADCB1A51EB6C008136AD /* RecoveryViewController.h */,
				E7C3ADCC1A51EB6C008136AD /* RecoveryViewController.m */,
				E7C3ADCD1A51EB6C008136AD /* RefreshView.h */,
				E7C3ADCE1A51EB6C008136AD /* RefreshView.m */,
				E7C3ADCF1A51EB6C008136AD /* RefreshView.xib */,
				E7C3ADD11A51EB6C008136AD /* SearchViewController.h */,
				E7C3ADD21A51EB6C008136AD /* SearchViewController.m */,
				E7C3ADD41A51EB6C008136AD /* SettingsViewController.h */,
				E7C3ADD51A51EB6C008136AD /* SettingsViewController.m */,
				E7C3ADD61A51EB6C008136AD /* ShellViewController.h */,
				E7C3ADD71A51EB6C008136AD /* ShellViewController.m */,
				E7C3ADD81A51EB6C008136AD /* TableHeader.xib */,
				E7C3ADD91A51EB6C008136AD /* TableHeaderView.h */,
				E7C3ADDA1A51EB6C008136AD /* TableHeaderView.m */,
				E7C3ADDB1A51EB6C008136AD /* TextViewController.h */,
				E7C3ADDC1A51EB6C008136AD /* TextViewController.m */,
				E7C3ADE31A51EB6C008136AD /* TransitionAnimator.h */,
				E7C3ADE41A51EB6C008136AD /* TransitionAnimator.m */,
				E7C3ADE61A51EB6C008136AD /* TreatmentViewController.h */,
				E7C3ADE71A51EB6C008136AD /* TreatmentViewController.m */,
			);
			name = "Old Design";
			sourceTree = "<group>";
		};
		E79C85831A44A03000ED884C /* New Design */ = {
			isa = PBXGroup;
			children = (
				E7C3AD6D1A51EB6B008136AD /* BubbleTransition.h */,
				E7C3AD6E1A51EB6B008136AD /* BubbleTransition.m */,
				E7C3ADD31A51EB6C008136AD /* SecondDesign.storyboard */,
				E7C3AD9A1A51EB6B008136AD /* FirstScreenViewController.h */,
				E7C3AD9B1A51EB6B008136AD /* FirstScreenViewController.m */,
				E7C3AD981A51EB6B008136AD /* FadeTransitionAnimator.h */,
				E7C3AD991A51EB6B008136AD /* FadeTransitionAnimator.m */,
				E7A6BEF81A48A0B10062C79F /* timeline tableview */,
				E7A6BEF71A48A09A0062C79F /* plan sections tableview */,
				E7A6BEF61A48A06C0062C79F /* content tableview */,
				E7A6BF031A48A2F70062C79F /* multiple choice tableview */,
				E7E799CE1A49DE8A00B78E79 /* recovery tableview */,
				E7C3AD891A51EB6B008136AD /* ContnentCollectionView.xib */,
				E7C3AD851A51EB6B008136AD /* ContentView.h */,
				E7C3AD861A51EB6B008136AD /* ContentView.m */,
				E7C3AD7C1A51EB6B008136AD /* ContentCollectionViewCellNew.h */,
				E7C3AD7D1A51EB6B008136AD /* ContentCollectionViewCellNew.m */,
				E7C3AD7E1A51EB6B008136AD /* ContentCollectionViewCellNew.xib */,
			);
			name = "New Design";
			sourceTree = "<group>";
		};
		E7A6BEF61A48A06C0062C79F /* content tableview */ = {
			isa = PBXGroup;
			children = (
				E7C3AD7F1A51EB6B008136AD /* ContentTableView.h */,
				E7C3AD801A51EB6B008136AD /* ContentTableView.m */,
				E7C3AD811A51EB6B008136AD /* ContentTableView.xib */,
				E7C3AD821A51EB6B008136AD /* ContentTableViewCell.h */,
				E7C3AD831A51EB6B008136AD /* ContentTableViewCell.m */,
				E7C3AD841A51EB6B008136AD /* ContentTableViewCell.xib */,
			);
			name = "content tableview";
			sourceTree = "<group>";
		};
		E7A6BEF71A48A09A0062C79F /* plan sections tableview */ = {
			isa = PBXGroup;
			children = (
				E7C3ADB81A51EB6C008136AD /* PlanSectionsViewController.h */,
				E7C3ADB91A51EB6C008136AD /* PlanSectionsViewController.m */,
				E7C3ADBA1A51EB6C008136AD /* PlanSectionTableViewCell.h */,
				E7C3ADBB1A51EB6C008136AD /* PlanSectionTableViewCell.m */,
			);
			name = "plan sections tableview";
			sourceTree = "<group>";
		};
		E7A6BEF81A48A0B10062C79F /* timeline tableview */ = {
			isa = PBXGroup;
			children = (
				E7C3ADDD1A51EB6C008136AD /* TimelineShellViewController.h */,
				E7C3ADDE1A51EB6C008136AD /* TimelineShellViewController.m */,
				E7C3ADDF1A51EB6C008136AD /* TimelineTableViewCell.h */,
				E7C3ADE01A51EB6C008136AD /* TimelineTableViewCell.m */,
				E7C3ADE11A51EB6C008136AD /* TimelineViewController.h */,
				E7C3ADE21A51EB6C008136AD /* TimelineViewController.m */,
			);
			name = "timeline tableview";
			sourceTree = "<group>";
		};
		E7A6BF031A48A2F70062C79F /* multiple choice tableview */ = {
			isa = PBXGroup;
			children = (
				E7C3ADA71A51EB6C008136AD /* MultipleChoiceTableView.h */,
				E7C3ADA81A51EB6C008136AD /* MultipleChoiceTableView.m */,
				E7C3ADA91A51EB6C008136AD /* MultipleChoiceTableView.xib */,
				E7C3ADAA1A51EB6C008136AD /* MultipleChoiceTableViewCell.h */,
				E7C3ADAB1A51EB6C008136AD /* MultipleChoiceTableViewCell.m */,
				E7C3ADAC1A51EB6C008136AD /* MutlipleChoiceTableViewCell.xib */,
			);
			name = "multiple choice tableview";
			sourceTree = "<group>";
		};
		E7C3AE391A51EE72008136AD /* Videos */ = {
			isa = PBXGroup;
			children = (
				E7C3ADA11A51EB6B008136AD /* lumbarvideo.mp4 */,
				E7C3ADCA1A51EB6C008136AD /* recoveryVideo.mp4 */,
				E7C3ADD01A51EB6C008136AD /* rotatorCuffTear.mp4 */,
				E7C3ADE51A51EB6C008136AD /* treatmentVid.mp4 */,
			);
			name = Videos;
			sourceTree = "<group>";
		};
		E7E799CE1A49DE8A00B78E79 /* recovery tableview */ = {
			isa = PBXGroup;
			children = (
				E7C3ADC21A51EB6C008136AD /* RecoveryTableView.h */,
				E7C3ADC31A51EB6C008136AD /* RecoveryTableView.m */,
				E7C3ADC41A51EB6C008136AD /* RecoveryTableView.xib */,
				E7C3ADC71A51EB6C008136AD /* RecoveryTableViewCell.xib */,
				E7C3ADC81A51EB6C008136AD /* RecoveryTableViewCellNew.h */,
				E7C3ADC91A51EB6C008136AD /* RecoveryTableViewCellNew.m */,
			);
			name = "recovery tableview";
			sourceTree = "<group>";
		};
		EC0497A764FBEC5463A1A5BC /* Frameworks */ = {
			isa = PBXGroup;
			children = (
				990000186EABDE1398D8D368 /* libPods.a */,
			);
			name = Frameworks;
			sourceTree = "<group>";
		};
/* End PBXGroup section */

/* Begin PBXNativeTarget section */
		E79823681A1D4FE8006002D0 /* OrcaCare */ = {
			isa = PBXNativeTarget;
			buildConfigurationList = E798238C1A1D4FE8006002D0 /* Build configuration list for PBXNativeTarget "OrcaCare" */;
			buildPhases = (
				91EA28D34FABB2421CB5A82D /* Check Pods Manifest.lock */,
				E79823651A1D4FE8006002D0 /* Sources */,
				E79823661A1D4FE8006002D0 /* Frameworks */,
				E79823671A1D4FE8006002D0 /* Resources */,
				EFD1C00EC75E501C91EAB58F /* Copy Pods Resources */,
			);
			buildRules = (
			);
			dependencies = (
			);
			name = OrcaCare;
			productName = 3D;
			productReference = E79823691A1D4FE8006002D0 /* OrcaCare.app */;
			productType = "com.apple.product-type.application";
		};
		E79823811A1D4FE8006002D0 /* OrcaCareTests */ = {
			isa = PBXNativeTarget;
			buildConfigurationList = E798238F1A1D4FE8006002D0 /* Build configuration list for PBXNativeTarget "OrcaCareTests" */;
			buildPhases = (
				E798237E1A1D4FE8006002D0 /* Sources */,
				E798237F1A1D4FE8006002D0 /* Frameworks */,
				E79823801A1D4FE8006002D0 /* Resources */,
			);
			buildRules = (
			);
			dependencies = (
				E79823841A1D4FE8006002D0 /* PBXTargetDependency */,
			);
			name = OrcaCareTests;
			productName = 3DTests;
			productReference = E79823821A1D4FE8006002D0 /* OrcaCareTests.xctest */;
			productType = "com.apple.product-type.bundle.unit-test";
		};
/* End PBXNativeTarget section */

/* Begin PBXProject section */
		E79823611A1D4FE8006002D0 /* Project object */ = {
			isa = PBXProject;
			attributes = {
				LastUpgradeCheck = 0610;
				ORGANIZATIONNAME = "Cole Herrmann";
				TargetAttributes = {
					E79823681A1D4FE8006002D0 = {
						CreatedOnToolsVersion = 6.1;
						DevelopmentTeam = 6X686U3XW9;
					};
					E79823811A1D4FE8006002D0 = {
						CreatedOnToolsVersion = 6.1;
						TestTargetID = E79823681A1D4FE8006002D0;
					};
				};
			};
			buildConfigurationList = E79823641A1D4FE8006002D0 /* Build configuration list for PBXProject "OrcaCare" */;
			compatibilityVersion = "Xcode 3.2";
			developmentRegion = English;
			hasScannedForEncodings = 0;
			knownRegions = (
				en,
				Base,
			);
			mainGroup = E79823601A1D4FE8006002D0;
			productRefGroup = E798236A1A1D4FE8006002D0 /* Products */;
			projectDirPath = "";
			projectRoot = "";
			targets = (
				E79823681A1D4FE8006002D0 /* OrcaCare */,
				E79823811A1D4FE8006002D0 /* OrcaCareTests */,
			);
		};
/* End PBXProject section */

/* Begin PBXResourcesBuildPhase section */
		E79823671A1D4FE8006002D0 /* Resources */ = {
			isa = PBXResourcesBuildPhase;
			buildActionMask = 2147483647;
			files = (
				E7C3ADF91A51EB6C008136AD /* ContentCollectionViewCellNew.xib in Resources */,
				E7C3ADF71A51EB6C008136AD /* ContentCollectionViewCell.xib in Resources */,
				BE331FB81A51F2DC00610721 /* CardView.xib in Resources */,
				BE331FBE1A51F2FA00610721 /* Main.storyboard in Resources */,
				E7C3ADFD1A51EB6C008136AD /* ContentTableViewCell.xib in Resources */,
				E7C3AE261A51EB6C008136AD /* recoveryVideo.mp4 in Resources */,
				E7C3AE2F1A51EB6C008136AD /* TableHeader.xib in Resources */,
				E7C3AE0B1A51EB6C008136AD /* Images.xcassets in Resources */,
				E7C3AE131A51EB6C008136AD /* MultipleChoiceTableView.xib in Resources */,
				E7C3AE1F1A51EB6C008136AD /* Proxima Nova Light.ttf in Resources */,
				E7C3AE0C1A51EB6C008136AD /* Info.plist in Resources */,
				E7C3AE0E1A51EB6C008136AD /* lumbarvideo.mp4 in Resources */,
				E7C3AE2C1A51EB6C008136AD /* SecondDesign.storyboard in Resources */,
				E7C3AE2A1A51EB6C008136AD /* rotatorCuffTear.mp4 in Resources */,
				E7C3ADF51A51EB6C008136AD /* ConditionText.plist in Resources */,
				E7C3AE291A51EB6C008136AD /* RefreshView.xib in Resources */,
				BE331FBD1A51F2FA00610721 /* LaunchScreen.xib in Resources */,
				E7C3AE151A51EB6C008136AD /* MutlipleChoiceTableViewCell.xib in Resources */,
				E7C3AE221A51EB6C008136AD /* RecoveryTableView.xib in Resources */,
				E7C3AE361A51EB6C008136AD /* treatmentVid.mp4 in Resources */,
				E7C3AE201A51EB6C008136AD /* ProximaNova-Reg.otf in Resources */,
				E7C3AE001A51EB6C008136AD /* ContnentCollectionView.xib in Resources */,
				E7C3AE241A51EB6C008136AD /* RecoveryTableViewCell.xib in Resources */,
				E7C3ADFB1A51EB6C008136AD /* ContentTableView.xib in Resources */,
			);
			runOnlyForDeploymentPostprocessing = 0;
		};
		E79823801A1D4FE8006002D0 /* Resources */ = {
			isa = PBXResourcesBuildPhase;
			buildActionMask = 2147483647;
			files = (
				E7C3AE3D1A51EF61008136AD /* Info.plist in Resources */,
			);
			runOnlyForDeploymentPostprocessing = 0;
		};
/* End PBXResourcesBuildPhase section */

/* Begin PBXShellScriptBuildPhase section */
		91EA28D34FABB2421CB5A82D /* Check Pods Manifest.lock */ = {
			isa = PBXShellScriptBuildPhase;
			buildActionMask = 2147483647;
			files = (
			);
			inputPaths = (
			);
			name = "Check Pods Manifest.lock";
			outputPaths = (
			);
			runOnlyForDeploymentPostprocessing = 0;
			shellPath = /bin/sh;
			shellScript = "diff \"${PODS_ROOT}/../Podfile.lock\" \"${PODS_ROOT}/Manifest.lock\" > /dev/null\nif [[ $? != 0 ]] ; then\n    cat << EOM\nerror: The sandbox is not in sync with the Podfile.lock. Run 'pod install' or update your CocoaPods installation.\nEOM\n    exit 1\nfi\n";
			showEnvVarsInLog = 0;
		};
		EFD1C00EC75E501C91EAB58F /* Copy Pods Resources */ = {
			isa = PBXShellScriptBuildPhase;
			buildActionMask = 2147483647;
			files = (
			);
			inputPaths = (
			);
			name = "Copy Pods Resources";
			outputPaths = (
			);
			runOnlyForDeploymentPostprocessing = 0;
			shellPath = /bin/sh;
			shellScript = "\"${SRCROOT}/Pods/Target Support Files/Pods/Pods-resources.sh\"\n";
			showEnvVarsInLog = 0;
		};
/* End PBXShellScriptBuildPhase section */

/* Begin PBXSourcesBuildPhase section */
		E79823651A1D4FE8006002D0 /* Sources */ = {
			isa = PBXSourcesBuildPhase;
			buildActionMask = 2147483647;
			files = (
				E7C3AE381A51EB6C008136AD /* User.m in Sources */,
				E7C3AE111A51EB6C008136AD /* Media.m in Sources */,
				E7C3AE091A51EB6C008136AD /* FirstScreenViewController.m in Sources */,
				E7C3AE171A51EB6C008136AD /* OrcaMapping.m in Sources */,
				E7C3ADF31A51EB6C008136AD /* CheckupsViewController.m in Sources */,
				E7C3AE231A51EB6C008136AD /* RecoveryTableViewCell.m in Sources */,
				E7C3AE191A51EB6C008136AD /* OrcaObjectManager.m in Sources */,
				E7C3AE121A51EB6C008136AD /* MultipleChoiceTableView.m in Sources */,
				E7C3AE251A51EB6C008136AD /* RecoveryTableViewCellNew.m in Sources */,
				E7C3AE161A51EB6C008136AD /* MyContentViewController.m in Sources */,
				E7C3AE1C1A51EB6C008136AD /* PlanSectionTableViewCell.m in Sources */,
				E7C3AE0D1A51EB6C008136AD /* LoginViewModel.m in Sources */,
				E7C3AE301A51EB6C008136AD /* TableHeaderView.m in Sources */,
				E7C3AE311A51EB6C008136AD /* TextViewController.m in Sources */,
				E7C3AE271A51EB6C008136AD /* RecoveryViewController.m in Sources */,
				E7C3ADFC1A51EB6C008136AD /* ContentTableViewCell.m in Sources */,
				E7C3AE341A51EB6C008136AD /* TimelineViewController.m in Sources */,
				E7C3ADFF1A51EB6C008136AD /* ContentViewController.m in Sources */,
				E7C3AE081A51EB6C008136AD /* FadeTransitionAnimator.m in Sources */,
				E7C3AE051A51EB6C008136AD /* Encounter.m in Sources */,
				E7C3AE2D1A51EB6C008136AD /* SettingsViewController.m in Sources */,
				E7C3ADF41A51EB6C008136AD /* CircleTransitionAnimator.swift in Sources */,
				E7C3ADF81A51EB6C008136AD /* ContentCollectionViewCellNew.m in Sources */,
				E7C3AE181A51EB6C008136AD /* OrcaObject.m in Sources */,
				E7C3AE1E1A51EB6C008136AD /* Provider.m in Sources */,
				E7C3ADFA1A51EB6C008136AD /* ContentTableView.m in Sources */,
				E7C3AE281A51EB6C008136AD /* RefreshView.m in Sources */,
				E7C3ADEC1A51EB6C008136AD /* AppDelegate.m in Sources */,
				E7C3ADF11A51EB6C008136AD /* CardView.m in Sources */,
				E7C3AE011A51EB6C008136AD /* CustomMedia.m in Sources */,
				E7C3AE371A51EB6C008136AD /* TreatmentViewController.m in Sources */,
				E7C3AE141A51EB6C008136AD /* MultipleChoiceTableViewCell.m in Sources */,
				E7C3AE351A51EB6C008136AD /* TransitionAnimator.m in Sources */,
				E7C3ADF01A51EB6C008136AD /* CardShellViewController.m in Sources */,
				E7C3ADF21A51EB6C008136AD /* CardViewController.m in Sources */,
				E7C3AE031A51EB6C008136AD /* DiagnosisDetailsViewController.m in Sources */,
				E7C3AE2E1A51EB6C008136AD /* ShellViewController.m in Sources */,
				E7C3AE1A1A51EB6C008136AD /* OrcaObjectRequestOperation.m in Sources */,
				E7C3AE1D1A51EB6C008136AD /* PlanViewController.m in Sources */,
				E7C3AE061A51EB6C008136AD /* EncounterTableViewCell.m in Sources */,
				E7C3AE071A51EB6C008136AD /* EncounterViewModel.m in Sources */,
				E7C3AE321A51EB6C008136AD /* TimelineShellViewController.m in Sources */,
				E7C3AE1B1A51EB6C008136AD /* PlanSectionsViewController.m in Sources */,
				E7C3AE331A51EB6C008136AD /* TimelineTableViewCell.m in Sources */,
				E7C3ADEB1A51EB6C008136AD /* AMWaveTransition.m in Sources */,
				E7C3AE2B1A51EB6C008136AD /* SearchViewController.m in Sources */,
				E7C3ADF61A51EB6C008136AD /* ContentCollectionViewCell.m in Sources */,
				E7C3AE0F1A51EB6C008136AD /* main.m in Sources */,
				E7C3AE041A51EB6C008136AD /* DiagnosisViewController.m in Sources */,
				E7C3ADEF1A51EB6C008136AD /* BubbleTransition.m in Sources */,
				E7C3AE021A51EB6C008136AD /* Diagnosis.m in Sources */,
				E7C3ADFE1A51EB6C008136AD /* ContentView.m in Sources */,
				E7C3AE211A51EB6C008136AD /* RecoveryTableView.m in Sources */,
			);
			runOnlyForDeploymentPostprocessing = 0;
		};
		E798237E1A1D4FE8006002D0 /* Sources */ = {
			isa = PBXSourcesBuildPhase;
			buildActionMask = 2147483647;
			files = (
				E7C3AE3B1A51EF4A008136AD /* _DTests.m in Sources */,
			);
			runOnlyForDeploymentPostprocessing = 0;
		};
/* End PBXSourcesBuildPhase section */

/* Begin PBXTargetDependency section */
		E79823841A1D4FE8006002D0 /* PBXTargetDependency */ = {
			isa = PBXTargetDependency;
			target = E79823681A1D4FE8006002D0 /* OrcaCare */;
			targetProxy = E79823831A1D4FE8006002D0 /* PBXContainerItemProxy */;
		};
/* End PBXTargetDependency section */

/* Begin PBXVariantGroup section */
		BE331FB91A51F2FA00610721 /* LaunchScreen.xib */ = {
			isa = PBXVariantGroup;
			children = (
				BE331FBA1A51F2FA00610721 /* Base */,
			);
			name = LaunchScreen.xib;
			sourceTree = "<group>";
		};
		BE331FBB1A51F2FA00610721 /* Main.storyboard */ = {
			isa = PBXVariantGroup;
			children = (
				BE331FBC1A51F2FA00610721 /* Base */,
			);
			name = Main.storyboard;
			sourceTree = "<group>";
		};
/* End PBXVariantGroup section */

/* Begin XCBuildConfiguration section */
		E798238A1A1D4FE8006002D0 /* Debug */ = {
			isa = XCBuildConfiguration;
			buildSettings = {
				ALWAYS_SEARCH_USER_PATHS = NO;
				CLANG_CXX_LANGUAGE_STANDARD = "gnu++0x";
				CLANG_CXX_LIBRARY = "libc++";
				CLANG_ENABLE_MODULES = YES;
				CLANG_ENABLE_OBJC_ARC = YES;
				CLANG_WARN_BOOL_CONVERSION = YES;
				CLANG_WARN_CONSTANT_CONVERSION = YES;
				CLANG_WARN_DIRECT_OBJC_ISA_USAGE = YES_ERROR;
				CLANG_WARN_EMPTY_BODY = YES;
				CLANG_WARN_ENUM_CONVERSION = YES;
				CLANG_WARN_INT_CONVERSION = YES;
				CLANG_WARN_OBJC_ROOT_CLASS = YES_ERROR;
				CLANG_WARN_UNREACHABLE_CODE = YES;
				CLANG_WARN__DUPLICATE_METHOD_MATCH = YES;
				"CODE_SIGN_IDENTITY[sdk=iphoneos*]" = "iPhone Developer";
				COPY_PHASE_STRIP = NO;
				ENABLE_STRICT_OBJC_MSGSEND = YES;
				GCC_C_LANGUAGE_STANDARD = gnu99;
				GCC_DYNAMIC_NO_PIC = NO;
				GCC_OPTIMIZATION_LEVEL = 0;
				GCC_PREPROCESSOR_DEFINITIONS = (
					"DEBUG=1",
					"$(inherited)",
				);
				GCC_SYMBOLS_PRIVATE_EXTERN = NO;
				GCC_WARN_64_TO_32_BIT_CONVERSION = YES;
				GCC_WARN_ABOUT_RETURN_TYPE = YES_ERROR;
				GCC_WARN_UNDECLARED_SELECTOR = YES;
				GCC_WARN_UNINITIALIZED_AUTOS = YES_AGGRESSIVE;
				GCC_WARN_UNUSED_FUNCTION = YES;
				GCC_WARN_UNUSED_VARIABLE = YES;
				IPHONEOS_DEPLOYMENT_TARGET = 8.1;
				MTL_ENABLE_DEBUG_INFO = YES;
				ONLY_ACTIVE_ARCH = YES;
				SDKROOT = iphoneos;
			};
			name = Debug;
		};
		E798238B1A1D4FE8006002D0 /* Release */ = {
			isa = XCBuildConfiguration;
			buildSettings = {
				ALWAYS_SEARCH_USER_PATHS = NO;
				CLANG_CXX_LANGUAGE_STANDARD = "gnu++0x";
				CLANG_CXX_LIBRARY = "libc++";
				CLANG_ENABLE_MODULES = YES;
				CLANG_ENABLE_OBJC_ARC = YES;
				CLANG_WARN_BOOL_CONVERSION = YES;
				CLANG_WARN_CONSTANT_CONVERSION = YES;
				CLANG_WARN_DIRECT_OBJC_ISA_USAGE = YES_ERROR;
				CLANG_WARN_EMPTY_BODY = YES;
				CLANG_WARN_ENUM_CONVERSION = YES;
				CLANG_WARN_INT_CONVERSION = YES;
				CLANG_WARN_OBJC_ROOT_CLASS = YES_ERROR;
				CLANG_WARN_UNREACHABLE_CODE = YES;
				CLANG_WARN__DUPLICATE_METHOD_MATCH = YES;
				"CODE_SIGN_IDENTITY[sdk=iphoneos*]" = "iPhone Developer";
				COPY_PHASE_STRIP = YES;
				ENABLE_NS_ASSERTIONS = NO;
				ENABLE_STRICT_OBJC_MSGSEND = YES;
				GCC_C_LANGUAGE_STANDARD = gnu99;
				GCC_WARN_64_TO_32_BIT_CONVERSION = YES;
				GCC_WARN_ABOUT_RETURN_TYPE = YES_ERROR;
				GCC_WARN_UNDECLARED_SELECTOR = YES;
				GCC_WARN_UNINITIALIZED_AUTOS = YES_AGGRESSIVE;
				GCC_WARN_UNUSED_FUNCTION = YES;
				GCC_WARN_UNUSED_VARIABLE = YES;
				IPHONEOS_DEPLOYMENT_TARGET = 8.1;
				MTL_ENABLE_DEBUG_INFO = NO;
				SDKROOT = iphoneos;
				VALIDATE_PRODUCT = YES;
			};
			name = Release;
		};
		E798238D1A1D4FE8006002D0 /* Debug */ = {
			isa = XCBuildConfiguration;
			baseConfigurationReference = 3EA16F092A7657E359D32763 /* Pods.debug.xcconfig */;
			buildSettings = {
				ASSETCATALOG_COMPILER_APPICON_NAME = AppIcon;
				CLANG_ENABLE_MODULES = YES;
				CODE_SIGN_IDENTITY = "iPhone Developer";
				"CODE_SIGN_IDENTITY[sdk=iphoneos*]" = "iPhone Developer";
				DEFINES_MODULE = YES;
				INFOPLIST_FILE = OrcaCare/Info.plist;
				IPHONEOS_DEPLOYMENT_TARGET = 8.0;
				LD_RUNPATH_SEARCH_PATHS = "$(inherited) @executable_path/Frameworks";
				PRODUCT_NAME = OrcaCare;
				PROVISIONING_PROFILE = "";
				SWIFT_OBJC_BRIDGING_HEADER = "OrcaCare/Orca Care-Bridging-Header.h";
				SWIFT_OPTIMIZATION_LEVEL = "-Onone";
			};
			name = Debug;
		};
		E798238E1A1D4FE8006002D0 /* Release */ = {
			isa = XCBuildConfiguration;
			baseConfigurationReference = 2BE7AC7607824D0864C90551 /* Pods.release.xcconfig */;
			buildSettings = {
				ASSETCATALOG_COMPILER_APPICON_NAME = AppIcon;
				CLANG_ENABLE_MODULES = YES;
				CODE_SIGN_IDENTITY = "iPhone Developer";
				"CODE_SIGN_IDENTITY[sdk=iphoneos*]" = "iPhone Developer";
				DEFINES_MODULE = YES;
				INFOPLIST_FILE = OrcaCare/Info.plist;
				IPHONEOS_DEPLOYMENT_TARGET = 8.0;
				LD_RUNPATH_SEARCH_PATHS = "$(inherited) @executable_path/Frameworks";
				PRODUCT_NAME = OrcaCare;
				PROVISIONING_PROFILE = "";
				SWIFT_OBJC_BRIDGING_HEADER = "OrcaCare/Orca Care-Bridging-Header.h";
			};
			name = Release;
		};
		E79823901A1D4FE8006002D0 /* Debug */ = {
			isa = XCBuildConfiguration;
			buildSettings = {
				BUNDLE_LOADER = "$(TEST_HOST)";
				FRAMEWORK_SEARCH_PATHS = (
					"$(SDKROOT)/Developer/Library/Frameworks",
					"$(inherited)",
				);
				GCC_PREPROCESSOR_DEFINITIONS = (
					"DEBUG=1",
					"$(inherited)",
				);
				INFOPLIST_FILE = OrcaCareTests/Info.plist;
				LD_RUNPATH_SEARCH_PATHS = "$(inherited) @executable_path/Frameworks @loader_path/Frameworks";
				PRODUCT_NAME = OrcaCareTests;
				TEST_HOST = "$(BUILT_PRODUCTS_DIR)/OrcaCare.app/OrcaCare";
			};
			name = Debug;
		};
		E79823911A1D4FE8006002D0 /* Release */ = {
			isa = XCBuildConfiguration;
			buildSettings = {
				BUNDLE_LOADER = "$(TEST_HOST)";
				FRAMEWORK_SEARCH_PATHS = (
					"$(SDKROOT)/Developer/Library/Frameworks",
					"$(inherited)",
				);
				INFOPLIST_FILE = OrcaCareTests/Info.plist;
				LD_RUNPATH_SEARCH_PATHS = "$(inherited) @executable_path/Frameworks @loader_path/Frameworks";
				PRODUCT_NAME = OrcaCareTests;
				TEST_HOST = "$(BUILT_PRODUCTS_DIR)/OrcaCare.app/OrcaCare";
			};
			name = Release;
		};
/* End XCBuildConfiguration section */

/* Begin XCConfigurationList section */
		E79823641A1D4FE8006002D0 /* Build configuration list for PBXProject "OrcaCare" */ = {
			isa = XCConfigurationList;
			buildConfigurations = (
				E798238A1A1D4FE8006002D0 /* Debug */,
				E798238B1A1D4FE8006002D0 /* Release */,
			);
			defaultConfigurationIsVisible = 0;
			defaultConfigurationName = Release;
		};
		E798238C1A1D4FE8006002D0 /* Build configuration list for PBXNativeTarget "OrcaCare" */ = {
			isa = XCConfigurationList;
			buildConfigurations = (
				E798238D1A1D4FE8006002D0 /* Debug */,
				E798238E1A1D4FE8006002D0 /* Release */,
			);
			defaultConfigurationIsVisible = 0;
			defaultConfigurationName = Release;
		};
		E798238F1A1D4FE8006002D0 /* Build configuration list for PBXNativeTarget "OrcaCareTests" */ = {
			isa = XCConfigurationList;
			buildConfigurations = (
				E79823901A1D4FE8006002D0 /* Debug */,
				E79823911A1D4FE8006002D0 /* Release */,
			);
			defaultConfigurationIsVisible = 0;
			defaultConfigurationName = Release;
		};
/* End XCConfigurationList section */
	};
	rootObject = E79823611A1D4FE8006002D0 /* Project object */;
}
